// !$*UTF8*$!
{
	archiveVersion = 1;
	classes = {
	};
	objectVersion = 46;
	objects = {

/* Begin PBXBuildFile section */
		3E7F27F3F197487288DB5705 /* libPods.a in Frameworks */ = {isa = PBXBuildFile; fileRef = A6CBA47C5FAE4CDD9DFBD4DD /* libPods.a */; };
		FE38B7F118070DBE00614EA1 /* face1.png in Resources */ = {isa = PBXBuildFile; fileRef = FE38B7EE18070DBE00614EA1 /* face1.png */; };
		FE38B7F218070DBE00614EA1 /* face2.png in Resources */ = {isa = PBXBuildFile; fileRef = FE38B7EF18070DBE00614EA1 /* face2.png */; };
		FE38B7F318070DBE00614EA1 /* face3.png in Resources */ = {isa = PBXBuildFile; fileRef = FE38B7F018070DBE00614EA1 /* face3.png */; };
		FE38B7F71807208600614EA1 /* README in Resources */ = {isa = PBXBuildFile; fileRef = FE38B7F61807208600614EA1 /* README */; };
		FE7E437A181596DE00FE5DAC /* date_bg.png in Resources */ = {isa = PBXBuildFile; fileRef = FE7E4379181596DE00FE5DAC /* date_bg.png */; };
		FE7E437D18159C7300FE5DAC /* date_btn@2x.png in Resources */ = {isa = PBXBuildFile; fileRef = FE7E437B18159C7300FE5DAC /* date_btn@2x.png */; };
		FE7E437E18159C7300FE5DAC /* share_btn@2x.png in Resources */ = {isa = PBXBuildFile; fileRef = FE7E437C18159C7300FE5DAC /* share_btn@2x.png */; };
		FE7E438018159D1800FE5DAC /* set_btn@2x.png in Resources */ = {isa = PBXBuildFile; fileRef = FE7E437F18159D1800FE5DAC /* set_btn@2x.png */; };
		FE7E438318159E1500FE5DAC /* btn_notice@2x.png in Resources */ = {isa = PBXBuildFile; fileRef = FE7E438118159E1500FE5DAC /* btn_notice@2x.png */; };
		FE7E438418159E1500FE5DAC /* icon_notice@2x.png in Resources */ = {isa = PBXBuildFile; fileRef = FE7E438218159E1500FE5DAC /* icon_notice@2x.png */; };
		FE7E43871815A39100FE5DAC /* HomeVC.m in Sources */ = {isa = PBXBuildFile; fileRef = FE7E43861815A39100FE5DAC /* HomeVC.m */; };
		FE7E438E1815A61C00FE5DAC /* DVTools.m in Sources */ = {isa = PBXBuildFile; fileRef = FE7E438D1815A61C00FE5DAC /* DVTools.m */; };
		FE7E43931815A64B00FE5DAC /* TKAlertCenter.m in Sources */ = {isa = PBXBuildFile; fileRef = FE7E43921815A64B00FE5DAC /* TKAlertCenter.m */; settings = {COMPILER_FLAGS = "-fno-objc-arc"; }; };
		FE7E43971815ADC800FE5DAC /* DVBaseVC.m in Sources */ = {isa = PBXBuildFile; fileRef = FE7E43961815ADC800FE5DAC /* DVBaseVC.m */; };
		FEE3FF171805BAC000DCEF1B /* DataCenter.m in Sources */ = {isa = PBXBuildFile; fileRef = FEE3FF161805BAC000DCEF1B /* DataCenter.m */; };
		FEE3FF2618061BB500DCEF1B /* NSDateAdditions.m in Sources */ = {isa = PBXBuildFile; fileRef = FEE3FF1B18061BB500DCEF1B /* NSDateAdditions.m */; };
		FEE3FF2718061BB500DCEF1B /* NSStringAdditions.m in Sources */ = {isa = PBXBuildFile; fileRef = FEE3FF1D18061BB500DCEF1B /* NSStringAdditions.m */; };
		FEE3FF2818061BB500DCEF1B /* UIDeviceAdditions.m in Sources */ = {isa = PBXBuildFile; fileRef = FEE3FF1F18061BB500DCEF1B /* UIDeviceAdditions.m */; };
		FEE3FF2918061BB500DCEF1B /* UIFontAdditions.m in Sources */ = {isa = PBXBuildFile; fileRef = FEE3FF2118061BB500DCEF1B /* UIFontAdditions.m */; };
		FEE3FF2A18061BB500DCEF1B /* UIViewAdditions.m in Sources */ = {isa = PBXBuildFile; fileRef = FEE3FF2318061BB500DCEF1B /* UIViewAdditions.m */; };
		FEE3FF2B18061BB500DCEF1B /* UIViewControllerAdditions.m in Sources */ = {isa = PBXBuildFile; fileRef = FEE3FF2518061BB500DCEF1B /* UIViewControllerAdditions.m */; };
		FEE3FF2E18062FA200DCEF1B /* ActivityDetailVC.m in Sources */ = {isa = PBXBuildFile; fileRef = FEE3FF2D18062FA200DCEF1B /* ActivityDetailVC.m */; };
		FEF0E0EB17F880AD00D6D680 /* SettingVC.m in Sources */ = {isa = PBXBuildFile; fileRef = FEF0E0EA17F880AD00D6D680 /* SettingVC.m */; };
		FEF208C817FF98A400315584 /* MessageData.geojson in Resources */ = {isa = PBXBuildFile; fileRef = FEF208C717FF98A400315584 /* MessageData.geojson */; };
		FEFCFD7217F1025100881C24 /* Foundation.framework in Frameworks */ = {isa = PBXBuildFile; fileRef = FEFCFD7117F1025100881C24 /* Foundation.framework */; };
		FEFCFD7417F1025100881C24 /* CoreGraphics.framework in Frameworks */ = {isa = PBXBuildFile; fileRef = FEFCFD7317F1025100881C24 /* CoreGraphics.framework */; };
		FEFCFD7617F1025100881C24 /* UIKit.framework in Frameworks */ = {isa = PBXBuildFile; fileRef = FEFCFD7517F1025100881C24 /* UIKit.framework */; };
		FEFCFD7C17F1025100881C24 /* InfoPlist.strings in Resources */ = {isa = PBXBuildFile; fileRef = FEFCFD7A17F1025100881C24 /* InfoPlist.strings */; };
		FEFCFD7E17F1025100881C24 /* main.m in Sources */ = {isa = PBXBuildFile; fileRef = FEFCFD7D17F1025100881C24 /* main.m */; };
		FEFCFD8217F1025100881C24 /* AppDelegate.m in Sources */ = {isa = PBXBuildFile; fileRef = FEFCFD8117F1025100881C24 /* AppDelegate.m */; };
		FEFCFD8517F1025100881C24 /* Main.storyboard in Resources */ = {isa = PBXBuildFile; fileRef = FEFCFD8317F1025100881C24 /* Main.storyboard */; };
		FEFCFD8817F1025100881C24 /* MyActivityListVC.m in Sources */ = {isa = PBXBuildFile; fileRef = FEFCFD8717F1025100881C24 /* MyActivityListVC.m */; };
		FEFCFD8B17F1025100881C24 /* FriendListVC.m in Sources */ = {isa = PBXBuildFile; fileRef = FEFCFD8A17F1025100881C24 /* FriendListVC.m */; };
		FEFCFD8D17F1025100881C24 /* Images.xcassets in Resources */ = {isa = PBXBuildFile; fileRef = FEFCFD8C17F1025100881C24 /* Images.xcassets */; };
		FEFCFD9417F1025100881C24 /* XCTest.framework in Frameworks */ = {isa = PBXBuildFile; fileRef = FEFCFD9317F1025100881C24 /* XCTest.framework */; };
		FEFCFD9517F1025100881C24 /* Foundation.framework in Frameworks */ = {isa = PBXBuildFile; fileRef = FEFCFD7117F1025100881C24 /* Foundation.framework */; };
		FEFCFD9617F1025100881C24 /* UIKit.framework in Frameworks */ = {isa = PBXBuildFile; fileRef = FEFCFD7517F1025100881C24 /* UIKit.framework */; };
		FEFCFD9E17F1025100881C24 /* InfoPlist.strings in Resources */ = {isa = PBXBuildFile; fileRef = FEFCFD9C17F1025100881C24 /* InfoPlist.strings */; };
		FEFCFDA017F1025100881C24 /* DVUsTests.m in Sources */ = {isa = PBXBuildFile; fileRef = FEFCFD9F17F1025100881C24 /* DVUsTests.m */; };
/* End PBXBuildFile section */

/* Begin PBXContainerItemProxy section */
		FEFCFD9717F1025100881C24 /* PBXContainerItemProxy */ = {
			isa = PBXContainerItemProxy;
			containerPortal = FEFCFD6617F1025100881C24 /* Project object */;
			proxyType = 1;
			remoteGlobalIDString = FEFCFD6D17F1025100881C24;
			remoteInfo = DVUs;
		};
/* End PBXContainerItemProxy section */

/* Begin PBXFileReference section */
		86EC87245CCF430DBE5584E4 /* Pods.xcconfig */ = {isa = PBXFileReference; includeInIndex = 1; lastKnownFileType = text.xcconfig; name = Pods.xcconfig; path = Pods/Pods.xcconfig; sourceTree = "<group>"; };
		A6CBA47C5FAE4CDD9DFBD4DD /* libPods.a */ = {isa = PBXFileReference; explicitFileType = archive.ar; includeInIndex = 0; path = libPods.a; sourceTree = BUILT_PRODUCTS_DIR; };
		FE38B7EE18070DBE00614EA1 /* face1.png */ = {isa = PBXFileReference; lastKnownFileType = image.png; path = face1.png; sourceTree = "<group>"; };
		FE38B7EF18070DBE00614EA1 /* face2.png */ = {isa = PBXFileReference; lastKnownFileType = image.png; path = face2.png; sourceTree = "<group>"; };
		FE38B7F018070DBE00614EA1 /* face3.png */ = {isa = PBXFileReference; lastKnownFileType = image.png; path = face3.png; sourceTree = "<group>"; };
		FE38B7F61807208600614EA1 /* README */ = {isa = PBXFileReference; fileEncoding = 4; lastKnownFileType = text; path = README; sourceTree = "<group>"; };
		FE38B7F81807231600614EA1 /* DVUs.entitlements */ = {isa = PBXFileReference; lastKnownFileType = text.xml; path = DVUs.entitlements; sourceTree = "<group>"; };
		FE7E4379181596DE00FE5DAC /* date_bg.png */ = {isa = PBXFileReference; lastKnownFileType = image.png; path = date_bg.png; sourceTree = "<group>"; };
		FE7E437B18159C7300FE5DAC /* date_btn@2x.png */ = {isa = PBXFileReference; lastKnownFileType = image.png; path = "date_btn@2x.png"; sourceTree = "<group>"; };
		FE7E437C18159C7300FE5DAC /* share_btn@2x.png */ = {isa = PBXFileReference; lastKnownFileType = image.png; path = "share_btn@2x.png"; sourceTree = "<group>"; };
		FE7E437F18159D1800FE5DAC /* set_btn@2x.png */ = {isa = PBXFileReference; lastKnownFileType = image.png; path = "set_btn@2x.png"; sourceTree = "<group>"; };
		FE7E438118159E1500FE5DAC /* btn_notice@2x.png */ = {isa = PBXFileReference; lastKnownFileType = image.png; path = "btn_notice@2x.png"; sourceTree = "<group>"; };
		FE7E438218159E1500FE5DAC /* icon_notice@2x.png */ = {isa = PBXFileReference; lastKnownFileType = image.png; path = "icon_notice@2x.png"; sourceTree = "<group>"; };
		FE7E43851815A39100FE5DAC /* HomeVC.h */ = {isa = PBXFileReference; fileEncoding = 4; lastKnownFileType = sourcecode.c.h; path = HomeVC.h; sourceTree = "<group>"; };
		FE7E43861815A39100FE5DAC /* HomeVC.m */ = {isa = PBXFileReference; fileEncoding = 4; lastKnownFileType = sourcecode.c.objc; path = HomeVC.m; sourceTree = "<group>"; };
		FE7E438C1815A61C00FE5DAC /* DVTools.h */ = {isa = PBXFileReference; fileEncoding = 4; lastKnownFileType = sourcecode.c.h; name = DVTools.h; path = ../category/DVTools.h; sourceTree = "<group>"; };
		FE7E438D1815A61C00FE5DAC /* DVTools.m */ = {isa = PBXFileReference; fileEncoding = 4; lastKnownFileType = sourcecode.c.objc; name = DVTools.m; path = ../category/DVTools.m; sourceTree = "<group>"; };
		FE7E43911815A64B00FE5DAC /* TKAlertCenter.h */ = {isa = PBXFileReference; fileEncoding = 4; lastKnownFileType = sourcecode.c.h; path = TKAlertCenter.h; sourceTree = "<group>"; };
		FE7E43921815A64B00FE5DAC /* TKAlertCenter.m */ = {isa = PBXFileReference; fileEncoding = 4; lastKnownFileType = sourcecode.c.objc; path = TKAlertCenter.m; sourceTree = "<group>"; };
		FE7E43951815ADC800FE5DAC /* DVBaseVC.h */ = {isa = PBXFileReference; fileEncoding = 4; lastKnownFileType = sourcecode.c.h; path = DVBaseVC.h; sourceTree = "<group>"; };
		FE7E43961815ADC800FE5DAC /* DVBaseVC.m */ = {isa = PBXFileReference; fileEncoding = 4; lastKnownFileType = sourcecode.c.objc; path = DVBaseVC.m; sourceTree = "<group>"; };
		FEE3FF151805BAC000DCEF1B /* DataCenter.h */ = {isa = PBXFileReference; fileEncoding = 4; lastKnownFileType = sourcecode.c.h; path = DataCenter.h; sourceTree = "<group>"; };
		FEE3FF161805BAC000DCEF1B /* DataCenter.m */ = {isa = PBXFileReference; fileEncoding = 4; lastKnownFileType = sourcecode.c.objc; path = DataCenter.m; sourceTree = "<group>"; };
		FEE3FF1918061BB500DCEF1B /* CMCommonCategory.h */ = {isa = PBXFileReference; fileEncoding = 4; lastKnownFileType = sourcecode.c.h; path = CMCommonCategory.h; sourceTree = "<group>"; };
		FEE3FF1A18061BB500DCEF1B /* NSDateAdditions.h */ = {isa = PBXFileReference; fileEncoding = 4; lastKnownFileType = sourcecode.c.h; path = NSDateAdditions.h; sourceTree = "<group>"; };
		FEE3FF1B18061BB500DCEF1B /* NSDateAdditions.m */ = {isa = PBXFileReference; fileEncoding = 4; lastKnownFileType = sourcecode.c.objc; path = NSDateAdditions.m; sourceTree = "<group>"; };
		FEE3FF1C18061BB500DCEF1B /* NSStringAdditions.h */ = {isa = PBXFileReference; fileEncoding = 4; lastKnownFileType = sourcecode.c.h; path = NSStringAdditions.h; sourceTree = "<group>"; };
		FEE3FF1D18061BB500DCEF1B /* NSStringAdditions.m */ = {isa = PBXFileReference; fileEncoding = 4; lastKnownFileType = sourcecode.c.objc; path = NSStringAdditions.m; sourceTree = "<group>"; };
		FEE3FF1E18061BB500DCEF1B /* UIDeviceAdditions.h */ = {isa = PBXFileReference; fileEncoding = 4; lastKnownFileType = sourcecode.c.h; path = UIDeviceAdditions.h; sourceTree = "<group>"; };
		FEE3FF1F18061BB500DCEF1B /* UIDeviceAdditions.m */ = {isa = PBXFileReference; fileEncoding = 4; lastKnownFileType = sourcecode.c.objc; path = UIDeviceAdditions.m; sourceTree = "<group>"; };
		FEE3FF2018061BB500DCEF1B /* UIFontAdditions.h */ = {isa = PBXFileReference; fileEncoding = 4; lastKnownFileType = sourcecode.c.h; path = UIFontAdditions.h; sourceTree = "<group>"; };
		FEE3FF2118061BB500DCEF1B /* UIFontAdditions.m */ = {isa = PBXFileReference; fileEncoding = 4; lastKnownFileType = sourcecode.c.objc; path = UIFontAdditions.m; sourceTree = "<group>"; };
		FEE3FF2218061BB500DCEF1B /* UIViewAdditions.h */ = {isa = PBXFileReference; fileEncoding = 4; lastKnownFileType = sourcecode.c.h; path = UIViewAdditions.h; sourceTree = "<group>"; };
		FEE3FF2318061BB500DCEF1B /* UIViewAdditions.m */ = {isa = PBXFileReference; fileEncoding = 4; lastKnownFileType = sourcecode.c.objc; path = UIViewAdditions.m; sourceTree = "<group>"; };
		FEE3FF2418061BB500DCEF1B /* UIViewControllerAdditions.h */ = {isa = PBXFileReference; fileEncoding = 4; lastKnownFileType = sourcecode.c.h; path = UIViewControllerAdditions.h; sourceTree = "<group>"; };
		FEE3FF2518061BB500DCEF1B /* UIViewControllerAdditions.m */ = {isa = PBXFileReference; fileEncoding = 4; lastKnownFileType = sourcecode.c.objc; path = UIViewControllerAdditions.m; sourceTree = "<group>"; };
		FEE3FF2C18062FA200DCEF1B /* ActivityDetailVC.h */ = {isa = PBXFileReference; fileEncoding = 4; lastKnownFileType = sourcecode.c.h; path = ActivityDetailVC.h; sourceTree = "<group>"; };
		FEE3FF2D18062FA200DCEF1B /* ActivityDetailVC.m */ = {isa = PBXFileReference; fileEncoding = 4; lastKnownFileType = sourcecode.c.objc; path = ActivityDetailVC.m; sourceTree = "<group>"; };
		FEF0E0E917F880AD00D6D680 /* SettingVC.h */ = {isa = PBXFileReference; fileEncoding = 4; lastKnownFileType = sourcecode.c.h; path = SettingVC.h; sourceTree = "<group>"; };
		FEF0E0EA17F880AD00D6D680 /* SettingVC.m */ = {isa = PBXFileReference; fileEncoding = 4; lastKnownFileType = sourcecode.c.objc; path = SettingVC.m; sourceTree = "<group>"; };
		FEF208C717FF98A400315584 /* MessageData.geojson */ = {isa = PBXFileReference; fileEncoding = 4; lastKnownFileType = text; path = MessageData.geojson; sourceTree = "<group>"; };
		FEFCFD6E17F1025100881C24 /* DVUs.app */ = {isa = PBXFileReference; explicitFileType = wrapper.application; includeInIndex = 0; path = DVUs.app; sourceTree = BUILT_PRODUCTS_DIR; };
		FEFCFD7117F1025100881C24 /* Foundation.framework */ = {isa = PBXFileReference; lastKnownFileType = wrapper.framework; name = Foundation.framework; path = System/Library/Frameworks/Foundation.framework; sourceTree = SDKROOT; };
		FEFCFD7317F1025100881C24 /* CoreGraphics.framework */ = {isa = PBXFileReference; lastKnownFileType = wrapper.framework; name = CoreGraphics.framework; path = System/Library/Frameworks/CoreGraphics.framework; sourceTree = SDKROOT; };
		FEFCFD7517F1025100881C24 /* UIKit.framework */ = {isa = PBXFileReference; lastKnownFileType = wrapper.framework; name = UIKit.framework; path = System/Library/Frameworks/UIKit.framework; sourceTree = SDKROOT; };
		FEFCFD7917F1025100881C24 /* DVUs-Info.plist */ = {isa = PBXFileReference; lastKnownFileType = text.plist.xml; path = "DVUs-Info.plist"; sourceTree = "<group>"; };
		FEFCFD7B17F1025100881C24 /* en */ = {isa = PBXFileReference; lastKnownFileType = text.plist.strings; name = en; path = en.lproj/InfoPlist.strings; sourceTree = "<group>"; };
		FEFCFD7D17F1025100881C24 /* main.m */ = {isa = PBXFileReference; lastKnownFileType = sourcecode.c.objc; path = main.m; sourceTree = "<group>"; };
		FEFCFD7F17F1025100881C24 /* DVUs-Prefix.pch */ = {isa = PBXFileReference; lastKnownFileType = sourcecode.c.h; path = "DVUs-Prefix.pch"; sourceTree = "<group>"; };
		FEFCFD8017F1025100881C24 /* AppDelegate.h */ = {isa = PBXFileReference; lastKnownFileType = sourcecode.c.h; path = AppDelegate.h; sourceTree = "<group>"; };
		FEFCFD8117F1025100881C24 /* AppDelegate.m */ = {isa = PBXFileReference; lastKnownFileType = sourcecode.c.objc; path = AppDelegate.m; sourceTree = "<group>"; };
		FEFCFD8417F1025100881C24 /* Base */ = {isa = PBXFileReference; lastKnownFileType = file.storyboard; name = Base; path = Base.lproj/Main.storyboard; sourceTree = "<group>"; };
		FEFCFD8617F1025100881C24 /* MyActivityListVC.h */ = {isa = PBXFileReference; lastKnownFileType = sourcecode.c.h; path = MyActivityListVC.h; sourceTree = "<group>"; };
		FEFCFD8717F1025100881C24 /* MyActivityListVC.m */ = {isa = PBXFileReference; lastKnownFileType = sourcecode.c.objc; path = MyActivityListVC.m; sourceTree = "<group>"; };
		FEFCFD8917F1025100881C24 /* FriendListVC.h */ = {isa = PBXFileReference; lastKnownFileType = sourcecode.c.h; path = FriendListVC.h; sourceTree = "<group>"; };
		FEFCFD8A17F1025100881C24 /* FriendListVC.m */ = {isa = PBXFileReference; lastKnownFileType = sourcecode.c.objc; path = FriendListVC.m; sourceTree = "<group>"; };
		FEFCFD8C17F1025100881C24 /* Images.xcassets */ = {isa = PBXFileReference; lastKnownFileType = folder.assetcatalog; path = Images.xcassets; sourceTree = "<group>"; };
		FEFCFD9217F1025100881C24 /* DVUsTests.xctest */ = {isa = PBXFileReference; explicitFileType = wrapper.cfbundle; includeInIndex = 0; path = DVUsTests.xctest; sourceTree = BUILT_PRODUCTS_DIR; };
		FEFCFD9317F1025100881C24 /* XCTest.framework */ = {isa = PBXFileReference; lastKnownFileType = wrapper.framework; name = XCTest.framework; path = Library/Frameworks/XCTest.framework; sourceTree = DEVELOPER_DIR; };
		FEFCFD9B17F1025100881C24 /* DVUsTests-Info.plist */ = {isa = PBXFileReference; lastKnownFileType = text.plist.xml; path = "DVUsTests-Info.plist"; sourceTree = "<group>"; };
		FEFCFD9D17F1025100881C24 /* en */ = {isa = PBXFileReference; lastKnownFileType = text.plist.strings; name = en; path = en.lproj/InfoPlist.strings; sourceTree = "<group>"; };
		FEFCFD9F17F1025100881C24 /* DVUsTests.m */ = {isa = PBXFileReference; lastKnownFileType = sourcecode.c.objc; path = DVUsTests.m; sourceTree = "<group>"; };
/* End PBXFileReference section */

/* Begin PBXFrameworksBuildPhase section */
		FEFCFD6B17F1025100881C24 /* Frameworks */ = {
			isa = PBXFrameworksBuildPhase;
			buildActionMask = 2147483647;
			files = (
				FEFCFD7417F1025100881C24 /* CoreGraphics.framework in Frameworks */,
				FEFCFD7617F1025100881C24 /* UIKit.framework in Frameworks */,
				FEFCFD7217F1025100881C24 /* Foundation.framework in Frameworks */,
				3E7F27F3F197487288DB5705 /* libPods.a in Frameworks */,
			);
			runOnlyForDeploymentPostprocessing = 0;
		};
		FEFCFD8F17F1025100881C24 /* Frameworks */ = {
			isa = PBXFrameworksBuildPhase;
			buildActionMask = 2147483647;
			files = (
				FEFCFD9417F1025100881C24 /* XCTest.framework in Frameworks */,
				FEFCFD9617F1025100881C24 /* UIKit.framework in Frameworks */,
				FEFCFD9517F1025100881C24 /* Foundation.framework in Frameworks */,
			);
			runOnlyForDeploymentPostprocessing = 0;
		};
/* End PBXFrameworksBuildPhase section */

/* Begin PBXGroup section */
		FE7E4378181596B500FE5DAC /* Resource */ = {
			isa = PBXGroup;
			children = (
				FE7E438118159E1500FE5DAC /* btn_notice@2x.png */,
				FE7E438218159E1500FE5DAC /* icon_notice@2x.png */,
				FE7E437F18159D1800FE5DAC /* set_btn@2x.png */,
				FE7E437B18159C7300FE5DAC /* date_btn@2x.png */,
				FE7E437C18159C7300FE5DAC /* share_btn@2x.png */,
				FE7E4379181596DE00FE5DAC /* date_bg.png */,
				FE38B7EE18070DBE00614EA1 /* face1.png */,
				FE38B7EF18070DBE00614EA1 /* face2.png */,
				FE38B7F018070DBE00614EA1 /* face3.png */,
			);
			name = Resource;
			sourceTree = "<group>";
		};
		FE7E438F1815A63F00FE5DAC /* thirdPart */ = {
			isa = PBXGroup;
			children = (
				FE7E43901815A64B00FE5DAC /* TKAlert */,
			);
			name = thirdPart;
			sourceTree = "<group>";
		};
		FE7E43901815A64B00FE5DAC /* TKAlert */ = {
			isa = PBXGroup;
			children = (
				FE7E43911815A64B00FE5DAC /* TKAlertCenter.h */,
				FE7E43921815A64B00FE5DAC /* TKAlertCenter.m */,
			);
			path = TKAlert;
			sourceTree = "<group>";
		};
		FE7E43941815ADB800FE5DAC /* Common */ = {
			isa = PBXGroup;
			children = (
				FE7E438C1815A61C00FE5DAC /* DVTools.h */,
				FE7E438D1815A61C00FE5DAC /* DVTools.m */,
				FE7E43951815ADC800FE5DAC /* DVBaseVC.h */,
				FE7E43961815ADC800FE5DAC /* DVBaseVC.m */,
			);
			name = Common;
			sourceTree = "<group>";
		};
		FED221F317FD0432002E6708 /* messageList */ = {
			isa = PBXGroup;
			children = (
				FEF208C717FF98A400315584 /* MessageData.geojson */,
			);
			name = messageList;
			sourceTree = "<group>";
		};
		FEE1CB3B1814A5EE00AD755F /* Service */ = {
			isa = PBXGroup;
			children = (
			);
			name = Service;
			sourceTree = "<group>";
		};
		FEE3FF141805BAA700DCEF1B /* data */ = {
			isa = PBXGroup;
			children = (
				FEE3FF151805BAC000DCEF1B /* DataCenter.h */,
				FEE3FF161805BAC000DCEF1B /* DataCenter.m */,
			);
			name = data;
			sourceTree = "<group>";
		};
		FEE3FF1818061BB500DCEF1B /* category */ = {
			isa = PBXGroup;
			children = (
				FEE3FF1918061BB500DCEF1B /* CMCommonCategory.h */,
				FEE3FF1A18061BB500DCEF1B /* NSDateAdditions.h */,
				FEE3FF1B18061BB500DCEF1B /* NSDateAdditions.m */,
				FEE3FF1C18061BB500DCEF1B /* NSStringAdditions.h */,
				FEE3FF1D18061BB500DCEF1B /* NSStringAdditions.m */,
				FEE3FF1E18061BB500DCEF1B /* UIDeviceAdditions.h */,
				FEE3FF1F18061BB500DCEF1B /* UIDeviceAdditions.m */,
				FEE3FF2018061BB500DCEF1B /* UIFontAdditions.h */,
				FEE3FF2118061BB500DCEF1B /* UIFontAdditions.m */,
				FEE3FF2218061BB500DCEF1B /* UIViewAdditions.h */,
				FEE3FF2318061BB500DCEF1B /* UIViewAdditions.m */,
				FEE3FF2418061BB500DCEF1B /* UIViewControllerAdditions.h */,
				FEE3FF2518061BB500DCEF1B /* UIViewControllerAdditions.m */,
			);
			path = category;
			sourceTree = SOURCE_ROOT;
		};
		FEF0E0E817F8805700D6D680 /* UI */ = {
			isa = PBXGroup;
			children = (
				FED221F317FD0432002E6708 /* messageList */,
				FEFCFD8317F1025100881C24 /* Main.storyboard */,
				FEFCFD8617F1025100881C24 /* MyActivityListVC.h */,
				FEFCFD8717F1025100881C24 /* MyActivityListVC.m */,
				FEFCFD8917F1025100881C24 /* FriendListVC.h */,
				FEFCFD8A17F1025100881C24 /* FriendListVC.m */,
				FEF0E0E917F880AD00D6D680 /* SettingVC.h */,
				FEF0E0EA17F880AD00D6D680 /* SettingVC.m */,
				FEE3FF2C18062FA200DCEF1B /* ActivityDetailVC.h */,
				FEE3FF2D18062FA200DCEF1B /* ActivityDetailVC.m */,
				FE7E43851815A39100FE5DAC /* HomeVC.h */,
				FE7E43861815A39100FE5DAC /* HomeVC.m */,
			);
			name = UI;
			sourceTree = "<group>";
		};
		FEFCFD6517F1025000881C24 = {
			isa = PBXGroup;
			children = (
				FE38B7F61807208600614EA1 /* README */,
				FEFCFD7717F1025100881C24 /* DVUs */,
				FEFCFD9917F1025100881C24 /* DVUsTests */,
				FEFCFD7017F1025100881C24 /* Frameworks */,
				FEFCFD6F17F1025100881C24 /* Products */,
				86EC87245CCF430DBE5584E4 /* Pods.xcconfig */,
			);
			sourceTree = "<group>";
		};
		FEFCFD6F17F1025100881C24 /* Products */ = {
			isa = PBXGroup;
			children = (
				FEFCFD6E17F1025100881C24 /* DVUs.app */,
				FEFCFD9217F1025100881C24 /* DVUsTests.xctest */,
			);
			name = Products;
			sourceTree = "<group>";
		};
		FEFCFD7017F1025100881C24 /* Frameworks */ = {
			isa = PBXGroup;
			children = (
				FEFCFD7117F1025100881C24 /* Foundation.framework */,
				FEFCFD7317F1025100881C24 /* CoreGraphics.framework */,
				FEFCFD7517F1025100881C24 /* UIKit.framework */,
				FEFCFD9317F1025100881C24 /* XCTest.framework */,
				A6CBA47C5FAE4CDD9DFBD4DD /* libPods.a */,
			);
			name = Frameworks;
			sourceTree = "<group>";
		};
		FEFCFD7717F1025100881C24 /* DVUs */ = {
			isa = PBXGroup;
			children = (
				FE7E43941815ADB800FE5DAC /* Common */,
				FE7E438F1815A63F00FE5DAC /* thirdPart */,
				FE7E4378181596B500FE5DAC /* Resource */,
				FEE1CB3B1814A5EE00AD755F /* Service */,
				FE38B7F81807231600614EA1 /* DVUs.entitlements */,
				FEE3FF1818061BB500DCEF1B /* category */,
				FEE3FF141805BAA700DCEF1B /* data */,
				FEF0E0E817F8805700D6D680 /* UI */,
				FEFCFD8017F1025100881C24 /* AppDelegate.h */,
				FEFCFD8117F1025100881C24 /* AppDelegate.m */,
				FEFCFD8C17F1025100881C24 /* Images.xcassets */,
				FEFCFD7817F1025100881C24 /* Supporting Files */,
			);
			path = DVUs;
			sourceTree = "<group>";
		};
		FEFCFD7817F1025100881C24 /* Supporting Files */ = {
			isa = PBXGroup;
			children = (
				FEFCFD7917F1025100881C24 /* DVUs-Info.plist */,
				FEFCFD7A17F1025100881C24 /* InfoPlist.strings */,
				FEFCFD7D17F1025100881C24 /* main.m */,
				FEFCFD7F17F1025100881C24 /* DVUs-Prefix.pch */,
			);
			name = "Supporting Files";
			sourceTree = "<group>";
		};
		FEFCFD9917F1025100881C24 /* DVUsTests */ = {
			isa = PBXGroup;
			children = (
				FEFCFD9F17F1025100881C24 /* DVUsTests.m */,
				FEFCFD9A17F1025100881C24 /* Supporting Files */,
			);
			path = DVUsTests;
			sourceTree = "<group>";
		};
		FEFCFD9A17F1025100881C24 /* Supporting Files */ = {
			isa = PBXGroup;
			children = (
				FEFCFD9B17F1025100881C24 /* DVUsTests-Info.plist */,
				FEFCFD9C17F1025100881C24 /* InfoPlist.strings */,
			);
			name = "Supporting Files";
			sourceTree = "<group>";
		};
/* End PBXGroup section */

/* Begin PBXNativeTarget section */
		FEFCFD6D17F1025100881C24 /* DVUs */ = {
			isa = PBXNativeTarget;
			buildConfigurationList = FEFCFDA317F1025100881C24 /* Build configuration list for PBXNativeTarget "DVUs" */;
			buildPhases = (
				772CCEEA0BA44FCEAC529CA2 /* Check Pods Manifest.lock */,
				FEFCFD6A17F1025100881C24 /* Sources */,
				FEFCFD6B17F1025100881C24 /* Frameworks */,
				FEFCFD6C17F1025100881C24 /* Resources */,
				8EFA19DF0D5141029154B9A7 /* Copy Pods Resources */,
			);
			buildRules = (
			);
			dependencies = (
			);
			name = DVUs;
			productName = DVUs;
			productReference = FEFCFD6E17F1025100881C24 /* DVUs.app */;
			productType = "com.apple.product-type.application";
		};
		FEFCFD9117F1025100881C24 /* DVUsTests */ = {
			isa = PBXNativeTarget;
			buildConfigurationList = FEFCFDA617F1025100881C24 /* Build configuration list for PBXNativeTarget "DVUsTests" */;
			buildPhases = (
				FEFCFD8E17F1025100881C24 /* Sources */,
				FEFCFD8F17F1025100881C24 /* Frameworks */,
				FEFCFD9017F1025100881C24 /* Resources */,
			);
			buildRules = (
			);
			dependencies = (
				FEFCFD9817F1025100881C24 /* PBXTargetDependency */,
			);
			name = DVUsTests;
			productName = DVUsTests;
			productReference = FEFCFD9217F1025100881C24 /* DVUsTests.xctest */;
			productType = "com.apple.product-type.bundle.unit-test";
		};
/* End PBXNativeTarget section */

/* Begin PBXProject section */
		FEFCFD6617F1025100881C24 /* Project object */ = {
			isa = PBXProject;
			attributes = {
				LastUpgradeCheck = 0500;
				ORGANIZATIONNAME = "pan Shiyu";
				TargetAttributes = {
					FEFCFD6D17F1025100881C24 = {
						DevelopmentTeam = BHWTW6L8X6;
						SystemCapabilities = {
							com.apple.BackgroundModes = {
								enabled = 0;
							};
							com.apple.iCloud = {
								enabled = 0;
							};
							com.apple.iOS = {
								enabled = 0;
							};
						};
					};
					FEFCFD9117F1025100881C24 = {
						TestTargetID = FEFCFD6D17F1025100881C24;
					};
				};
			};
			buildConfigurationList = FEFCFD6917F1025100881C24 /* Build configuration list for PBXProject "DVUs" */;
			compatibilityVersion = "Xcode 3.2";
			developmentRegion = English;
			hasScannedForEncodings = 0;
			knownRegions = (
				en,
				Base,
			);
			mainGroup = FEFCFD6517F1025000881C24;
			productRefGroup = FEFCFD6F17F1025100881C24 /* Products */;
			projectDirPath = "";
			projectRoot = "";
			targets = (
				FEFCFD6D17F1025100881C24 /* DVUs */,
				FEFCFD9117F1025100881C24 /* DVUsTests */,
			);
		};
/* End PBXProject section */

/* Begin PBXResourcesBuildPhase section */
		FEFCFD6C17F1025100881C24 /* Resources */ = {
			isa = PBXResourcesBuildPhase;
			buildActionMask = 2147483647;
			files = (
				FE7E438318159E1500FE5DAC /* btn_notice@2x.png in Resources */,
				FE7E438418159E1500FE5DAC /* icon_notice@2x.png in Resources */,
				FEFCFD8D17F1025100881C24 /* Images.xcassets in Resources */,
				FEF208C817FF98A400315584 /* MessageData.geojson in Resources */,
				FEFCFD7C17F1025100881C24 /* InfoPlist.strings in Resources */,
				FE7E437D18159C7300FE5DAC /* date_btn@2x.png in Resources */,
				FE38B7F218070DBE00614EA1 /* face2.png in Resources */,
				FE38B7F71807208600614EA1 /* README in Resources */,
				FE7E438018159D1800FE5DAC /* set_btn@2x.png in Resources */,
				FE7E437A181596DE00FE5DAC /* date_bg.png in Resources */,
				FE38B7F118070DBE00614EA1 /* face1.png in Resources */,
				FE7E437E18159C7300FE5DAC /* share_btn@2x.png in Resources */,
				FEFCFD8517F1025100881C24 /* Main.storyboard in Resources */,
				FE38B7F318070DBE00614EA1 /* face3.png in Resources */,
			);
			runOnlyForDeploymentPostprocessing = 0;
		};
		FEFCFD9017F1025100881C24 /* Resources */ = {
			isa = PBXResourcesBuildPhase;
			buildActionMask = 2147483647;
			files = (
				FEFCFD9E17F1025100881C24 /* InfoPlist.strings in Resources */,
			);
			runOnlyForDeploymentPostprocessing = 0;
		};
/* End PBXResourcesBuildPhase section */

/* Begin PBXShellScriptBuildPhase section */
		772CCEEA0BA44FCEAC529CA2 /* Check Pods Manifest.lock */ = {
			isa = PBXShellScriptBuildPhase;
			buildActionMask = 2147483647;
			files = (
			);
			inputPaths = (
			);
			name = "Check Pods Manifest.lock";
			outputPaths = (
			);
			runOnlyForDeploymentPostprocessing = 0;
			shellPath = /bin/sh;
			shellScript = "diff \"${PODS_ROOT}/../Podfile.lock\" \"${PODS_ROOT}/Manifest.lock\" > /dev/null\nif [[ $? != 0 ]] ; then\n    cat << EOM\nerror: The sandbox is not in sync with the Podfile.lock. Run 'pod install' or update your CocoaPods installation.\nEOM\n    exit 1\nfi\n";
			showEnvVarsInLog = 0;
		};
		8EFA19DF0D5141029154B9A7 /* Copy Pods Resources */ = {
			isa = PBXShellScriptBuildPhase;
			buildActionMask = 2147483647;
			files = (
			);
			inputPaths = (
			);
			name = "Copy Pods Resources";
			outputPaths = (
			);
			runOnlyForDeploymentPostprocessing = 0;
			shellPath = /bin/sh;
			shellScript = "\"${SRCROOT}/Pods/Pods-resources.sh\"\n";
			showEnvVarsInLog = 0;
		};
/* End PBXShellScriptBuildPhase section */

/* Begin PBXSourcesBuildPhase section */
		FEFCFD6A17F1025100881C24 /* Sources */ = {
			isa = PBXSourcesBuildPhase;
			buildActionMask = 2147483647;
			files = (
				FEF0E0EB17F880AD00D6D680 /* SettingVC.m in Sources */,
				FEE3FF2618061BB500DCEF1B /* NSDateAdditions.m in Sources */,
				FE7E43931815A64B00FE5DAC /* TKAlertCenter.m in Sources */,
				FEE3FF2B18061BB500DCEF1B /* UIViewControllerAdditions.m in Sources */,
				FE7E43871815A39100FE5DAC /* HomeVC.m in Sources */,
				FEFCFD8B17F1025100881C24 /* FriendListVC.m in Sources */,
				FEE3FF2A18061BB500DCEF1B /* UIViewAdditions.m in Sources */,
				FE7E438E1815A61C00FE5DAC /* DVTools.m in Sources */,
				FEFCFD8217F1025100881C24 /* AppDelegate.m in Sources */,
				FEE3FF2918061BB500DCEF1B /* UIFontAdditions.m in Sources */,
				FE7E43971815ADC800FE5DAC /* DVBaseVC.m in Sources */,
				FEFCFD8817F1025100881C24 /* MyActivityListVC.m in Sources */,
				FEE3FF2718061BB500DCEF1B /* NSStringAdditions.m in Sources */,
				FEE3FF2E18062FA200DCEF1B /* ActivityDetailVC.m in Sources */,
				FEE3FF171805BAC000DCEF1B /* DataCenter.m in Sources */,
				FEFCFD7E17F1025100881C24 /* main.m in Sources */,
				FEE3FF2818061BB500DCEF1B /* UIDeviceAdditions.m in Sources */,
			);
			runOnlyForDeploymentPostprocessing = 0;
		};
		FEFCFD8E17F1025100881C24 /* Sources */ = {
			isa = PBXSourcesBuildPhase;
			buildActionMask = 2147483647;
			files = (
				FEFCFDA017F1025100881C24 /* DVUsTests.m in Sources */,
			);
			runOnlyForDeploymentPostprocessing = 0;
		};
/* End PBXSourcesBuildPhase section */

/* Begin PBXTargetDependency section */
		FEFCFD9817F1025100881C24 /* PBXTargetDependency */ = {
			isa = PBXTargetDependency;
			target = FEFCFD6D17F1025100881C24 /* DVUs */;
			targetProxy = FEFCFD9717F1025100881C24 /* PBXContainerItemProxy */;
		};
/* End PBXTargetDependency section */

/* Begin PBXVariantGroup section */
		FEFCFD7A17F1025100881C24 /* InfoPlist.strings */ = {
			isa = PBXVariantGroup;
			children = (
				FEFCFD7B17F1025100881C24 /* en */,
			);
			name = InfoPlist.strings;
			sourceTree = "<group>";
		};
		FEFCFD8317F1025100881C24 /* Main.storyboard */ = {
			isa = PBXVariantGroup;
			children = (
				FEFCFD8417F1025100881C24 /* Base */,
			);
			name = Main.storyboard;
			sourceTree = "<group>";
		};
		FEFCFD9C17F1025100881C24 /* InfoPlist.strings */ = {
			isa = PBXVariantGroup;
			children = (
				FEFCFD9D17F1025100881C24 /* en */,
			);
			name = InfoPlist.strings;
			sourceTree = "<group>";
		};
/* End PBXVariantGroup section */

/* Begin XCBuildConfiguration section */
		FEFCFDA117F1025100881C24 /* Debug */ = {
			isa = XCBuildConfiguration;
			buildSettings = {
				ALWAYS_SEARCH_USER_PATHS = NO;
				ARCHS = "$(ARCHS_STANDARD_INCLUDING_64_BIT)";
				CLANG_CXX_LANGUAGE_STANDARD = "gnu++0x";
				CLANG_CXX_LIBRARY = "libc++";
				CLANG_ENABLE_MODULES = YES;
				CLANG_ENABLE_OBJC_ARC = YES;
				CLANG_WARN_BOOL_CONVERSION = YES;
				CLANG_WARN_CONSTANT_CONVERSION = YES;
				CLANG_WARN_DIRECT_OBJC_ISA_USAGE = YES_ERROR;
				CLANG_WARN_EMPTY_BODY = YES;
				CLANG_WARN_ENUM_CONVERSION = YES;
				CLANG_WARN_INT_CONVERSION = YES;
				CLANG_WARN_OBJC_ROOT_CLASS = YES_ERROR;
				CLANG_WARN__DUPLICATE_METHOD_MATCH = YES;
				"CODE_SIGN_IDENTITY[sdk=iphoneos*]" = "iPhone Developer";
				COPY_PHASE_STRIP = NO;
				GCC_C_LANGUAGE_STANDARD = gnu99;
				GCC_DYNAMIC_NO_PIC = NO;
				GCC_OPTIMIZATION_LEVEL = 0;
				GCC_PREPROCESSOR_DEFINITIONS = (
					"DEBUG=1",
					"$(inherited)",
				);
				GCC_SYMBOLS_PRIVATE_EXTERN = NO;
				GCC_WARN_64_TO_32_BIT_CONVERSION = YES;
				GCC_WARN_ABOUT_RETURN_TYPE = YES_ERROR;
				GCC_WARN_UNDECLARED_SELECTOR = YES;
				GCC_WARN_UNINITIALIZED_AUTOS = YES;
				GCC_WARN_UNUSED_FUNCTION = YES;
				GCC_WARN_UNUSED_VARIABLE = YES;
				IPHONEOS_DEPLOYMENT_TARGET = 7.0;
				ONLY_ACTIVE_ARCH = YES;
				SDKROOT = iphoneos;
			};
			name = Debug;
		};
		FEFCFDA217F1025100881C24 /* Release */ = {
			isa = XCBuildConfiguration;
			buildSettings = {
				ALWAYS_SEARCH_USER_PATHS = NO;
				ARCHS = "$(ARCHS_STANDARD_INCLUDING_64_BIT)";
				CLANG_CXX_LANGUAGE_STANDARD = "gnu++0x";
				CLANG_CXX_LIBRARY = "libc++";
				CLANG_ENABLE_MODULES = YES;
				CLANG_ENABLE_OBJC_ARC = YES;
				CLANG_WARN_BOOL_CONVERSION = YES;
				CLANG_WARN_CONSTANT_CONVERSION = YES;
				CLANG_WARN_DIRECT_OBJC_ISA_USAGE = YES_ERROR;
				CLANG_WARN_EMPTY_BODY = YES;
				CLANG_WARN_ENUM_CONVERSION = YES;
				CLANG_WARN_INT_CONVERSION = YES;
				CLANG_WARN_OBJC_ROOT_CLASS = YES_ERROR;
				CLANG_WARN__DUPLICATE_METHOD_MATCH = YES;
				"CODE_SIGN_IDENTITY[sdk=iphoneos*]" = "iPhone Developer";
				COPY_PHASE_STRIP = YES;
				ENABLE_NS_ASSERTIONS = NO;
				GCC_C_LANGUAGE_STANDARD = gnu99;
				GCC_WARN_64_TO_32_BIT_CONVERSION = YES;
				GCC_WARN_ABOUT_RETURN_TYPE = YES_ERROR;
				GCC_WARN_UNDECLARED_SELECTOR = YES;
				GCC_WARN_UNINITIALIZED_AUTOS = YES;
				GCC_WARN_UNUSED_FUNCTION = YES;
				GCC_WARN_UNUSED_VARIABLE = YES;
				IPHONEOS_DEPLOYMENT_TARGET = 7.0;
				SDKROOT = iphoneos;
				VALIDATE_PRODUCT = YES;
			};
			name = Release;
		};
		FEFCFDA417F1025100881C24 /* Debug */ = {
			isa = XCBuildConfiguration;
			baseConfigurationReference = 86EC87245CCF430DBE5584E4 /* Pods.xcconfig */;
			buildSettings = {
				ARCHS = "$(ARCHS_STANDARD)";
				ASSETCATALOG_COMPILER_APPICON_NAME = AppIcon;
				ASSETCATALOG_COMPILER_LAUNCHIMAGE_NAME = LaunchImage;
				CODE_SIGN_IDENTITY = "";
				"CODE_SIGN_IDENTITY[sdk=iphoneos*]" = "";
				GCC_PRECOMPILE_PREFIX_HEADER = YES;
				GCC_PREFIX_HEADER = "DVUs/DVUs-Prefix.pch";
				INFOPLIST_FILE = "DVUs/DVUs-Info.plist";
				IPHONEOS_DEPLOYMENT_TARGET = 6.0;
				PRODUCT_NAME = "$(TARGET_NAME)";
				PROVISIONING_PROFILE = "9013A7F8-7E0E-4863-BFF9-6757F121E4F6";
				SDKROOT = iphoneos;
				WRAPPER_EXTENSION = app;
			};
			name = Debug;
		};
		FEFCFDA517F1025100881C24 /* Release */ = {
			isa = XCBuildConfiguration;
			baseConfigurationReference = 86EC87245CCF430DBE5584E4 /* Pods.xcconfig */;
			buildSettings = {
				ARCHS = "$(ARCHS_STANDARD)";
				ASSETCATALOG_COMPILER_APPICON_NAME = AppIcon;
				ASSETCATALOG_COMPILER_LAUNCHIMAGE_NAME = LaunchImage;
				CODE_SIGN_IDENTITY = "";
				"CODE_SIGN_IDENTITY[sdk=iphoneos*]" = "";
				GCC_PRECOMPILE_PREFIX_HEADER = YES;
				GCC_PREFIX_HEADER = "DVUs/DVUs-Prefix.pch";
				INFOPLIST_FILE = "DVUs/DVUs-Info.plist";
				IPHONEOS_DEPLOYMENT_TARGET = 6.0;
				PRODUCT_NAME = "$(TARGET_NAME)";
				PROVISIONING_PROFILE = "9013A7F8-7E0E-4863-BFF9-6757F121E4F6";
				SDKROOT = iphoneos;
				WRAPPER_EXTENSION = app;
			};
			name = Release;
		};
		FEFCFDA717F1025100881C24 /* Debug */ = {
			isa = XCBuildConfiguration;
			buildSettings = {
				ARCHS = "$(ARCHS_STANDARD_INCLUDING_64_BIT)";
				BUNDLE_LOADER = "$(BUILT_PRODUCTS_DIR)/DVUs.app/DVUs";
				FRAMEWORK_SEARCH_PATHS = (
					"$(SDKROOT)/Developer/Library/Frameworks",
					"$(inherited)",
					"$(DEVELOPER_FRAMEWORKS_DIR)",
				);
				GCC_PRECOMPILE_PREFIX_HEADER = YES;
				GCC_PREFIX_HEADER = "DVUs/DVUs-Prefix.pch";
				GCC_PREPROCESSOR_DEFINITIONS = (
					"DEBUG=1",
					"$(inherited)",
				);
				INFOPLIST_FILE = "DVUsTests/DVUsTests-Info.plist";
				PRODUCT_NAME = "$(TARGET_NAME)";
				TEST_HOST = "$(BUNDLE_LOADER)";
				WRAPPER_EXTENSION = xctest;
			};
			name = Debug;
		};
		FEFCFDA817F1025100881C24 /* Release */ = {
			isa = XCBuildConfiguration;
			buildSettings = {
				ARCHS = "$(ARCHS_STANDARD_INCLUDING_64_BIT)";
				BUNDLE_LOADER = "$(BUILT_PRODUCTS_DIR)/DVUs.app/DVUs";
				FRAMEWORK_SEARCH_PATHS = (
					"$(SDKROOT)/Developer/Library/Frameworks",
					"$(inherited)",
					"$(DEVELOPER_FRAMEWORKS_DIR)",
				);
				GCC_PRECOMPILE_PREFIX_HEADER = YES;
				GCC_PREFIX_HEADER = "DVUs/DVUs-Prefix.pch";
				INFOPLIST_FILE = "DVUsTests/DVUsTests-Info.plist";
				PRODUCT_NAME = "$(TARGET_NAME)";
				TEST_HOST = "$(BUNDLE_LOADER)";
				WRAPPER_EXTENSION = xctest;
			};
			name = Release;
		};
/* End XCBuildConfiguration section */

/* Begin XCConfigurationList section */
		FEFCFD6917F1025100881C24 /* Build configuration list for PBXProject "DVUs" */ = {
			isa = XCConfigurationList;
			buildConfigurations = (
				FEFCFDA117F1025100881C24 /* Debug */,
				FEFCFDA217F1025100881C24 /* Release */,
			);
			defaultConfigurationIsVisible = 0;
			defaultConfigurationName = Release;
		};
		FEFCFDA317F1025100881C24 /* Build configuration list for PBXNativeTarget "DVUs" */ = {
			isa = XCConfigurationList;
			buildConfigurations = (
				FEFCFDA417F1025100881C24 /* Debug */,
				FEFCFDA517F1025100881C24 /* Release */,
			);
			defaultConfigurationIsVisible = 0;
			defaultConfigurationName = Release;
		};
		FEFCFDA617F1025100881C24 /* Build configuration list for PBXNativeTarget "DVUsTests" */ = {
			isa = XCConfigurationList;
			buildConfigurations = (
				FEFCFDA717F1025100881C24 /* Debug */,
				FEFCFDA817F1025100881C24 /* Release */,
			);
			defaultConfigurationIsVisible = 0;
			defaultConfigurationName = Release;
		};
/* End XCConfigurationList section */
	};
	rootObject = FEFCFD6617F1025100881C24 /* Project object */;
}
