<?xml version="1.0" encoding="UTF-8"?>
<!DOCTYPE plist PUBLIC "-//Apple//DTD PLIST 1.0//EN" "http://www.apple.com/DTDs/PropertyList-1.0.dtd">
<plist version="1.0">
<dict>
	<key>archiveVersion</key>
	<string>1</string>
	<key>classes</key>
	<dict/>
	<key>objectVersion</key>
	<string>46</string>
	<key>objects</key>
	<dict>
		<key>3E7F27F3F197487288DB5705</key>
		<dict>
			<key>fileRef</key>
			<string>A6CBA47C5FAE4CDD9DFBD4DD</string>
			<key>isa</key>
			<string>PBXBuildFile</string>
		</dict>
		<key>772CCEEA0BA44FCEAC529CA2</key>
		<dict>
			<key>buildActionMask</key>
			<string>2147483647</string>
			<key>files</key>
			<array/>
			<key>inputPaths</key>
			<array/>
			<key>isa</key>
			<string>PBXShellScriptBuildPhase</string>
			<key>name</key>
			<string>Check Pods Manifest.lock</string>
			<key>outputPaths</key>
			<array/>
			<key>runOnlyForDeploymentPostprocessing</key>
			<string>0</string>
			<key>shellPath</key>
			<string>/bin/sh</string>
			<key>shellScript</key>
			<string>diff "${PODS_ROOT}/../Podfile.lock" "${PODS_ROOT}/Manifest.lock" &gt; /dev/null
if [[ $? != 0 ]] ; then
    cat &lt;&lt; EOM
error: The sandbox is not in sync with the Podfile.lock. Run 'pod install' or update your CocoaPods installation.
EOM
    exit 1
fi
</string>
			<key>showEnvVarsInLog</key>
			<string>0</string>
		</dict>
		<key>86EC87245CCF430DBE5584E4</key>
		<dict>
			<key>includeInIndex</key>
			<string>1</string>
			<key>isa</key>
			<string>PBXFileReference</string>
			<key>lastKnownFileType</key>
			<string>text.xcconfig</string>
			<key>name</key>
			<string>Pods.xcconfig</string>
			<key>path</key>
			<string>Pods/Pods.xcconfig</string>
			<key>sourceTree</key>
			<string>&lt;group&gt;</string>
		</dict>
		<key>8EFA19DF0D5141029154B9A7</key>
		<dict>
			<key>buildActionMask</key>
			<string>2147483647</string>
			<key>files</key>
			<array/>
			<key>inputPaths</key>
			<array/>
			<key>isa</key>
			<string>PBXShellScriptBuildPhase</string>
			<key>name</key>
			<string>Copy Pods Resources</string>
			<key>outputPaths</key>
			<array/>
			<key>runOnlyForDeploymentPostprocessing</key>
			<string>0</string>
			<key>shellPath</key>
			<string>/bin/sh</string>
			<key>shellScript</key>
			<string>"${SRCROOT}/Pods/Pods-resources.sh"
</string>
			<key>showEnvVarsInLog</key>
			<string>0</string>
		</dict>
		<key>A6CBA47C5FAE4CDD9DFBD4DD</key>
		<dict>
			<key>explicitFileType</key>
			<string>archive.ar</string>
			<key>includeInIndex</key>
			<string>0</string>
			<key>isa</key>
			<string>PBXFileReference</string>
			<key>path</key>
			<string>libPods.a</string>
			<key>sourceTree</key>
			<string>BUILT_PRODUCTS_DIR</string>
		</dict>
		<key>FE38B7EE18070DBE00614EA1</key>
		<dict>
			<key>isa</key>
			<string>PBXFileReference</string>
			<key>lastKnownFileType</key>
			<string>image.png</string>
			<key>path</key>
			<string>face1.png</string>
			<key>sourceTree</key>
			<string>&lt;group&gt;</string>
		</dict>
		<key>FE38B7EF18070DBE00614EA1</key>
		<dict>
			<key>isa</key>
			<string>PBXFileReference</string>
			<key>lastKnownFileType</key>
			<string>image.png</string>
			<key>path</key>
			<string>face2.png</string>
			<key>sourceTree</key>
			<string>&lt;group&gt;</string>
		</dict>
		<key>FE38B7F018070DBE00614EA1</key>
		<dict>
			<key>isa</key>
			<string>PBXFileReference</string>
			<key>lastKnownFileType</key>
			<string>image.png</string>
			<key>path</key>
			<string>face3.png</string>
			<key>sourceTree</key>
			<string>&lt;group&gt;</string>
		</dict>
		<key>FE38B7F118070DBE00614EA1</key>
		<dict>
			<key>fileRef</key>
			<string>FE38B7EE18070DBE00614EA1</string>
			<key>isa</key>
			<string>PBXBuildFile</string>
		</dict>
		<key>FE38B7F218070DBE00614EA1</key>
		<dict>
			<key>fileRef</key>
			<string>FE38B7EF18070DBE00614EA1</string>
			<key>isa</key>
			<string>PBXBuildFile</string>
		</dict>
		<key>FE38B7F318070DBE00614EA1</key>
		<dict>
			<key>fileRef</key>
			<string>FE38B7F018070DBE00614EA1</string>
			<key>isa</key>
			<string>PBXBuildFile</string>
		</dict>
		<key>FE38B7F61807208600614EA1</key>
		<dict>
			<key>fileEncoding</key>
			<string>4</string>
			<key>isa</key>
			<string>PBXFileReference</string>
			<key>lastKnownFileType</key>
			<string>text</string>
			<key>path</key>
			<string>README</string>
			<key>sourceTree</key>
			<string>&lt;group&gt;</string>
		</dict>
		<key>FE38B7F71807208600614EA1</key>
		<dict>
			<key>fileRef</key>
			<string>FE38B7F61807208600614EA1</string>
			<key>isa</key>
			<string>PBXBuildFile</string>
		</dict>
		<key>FE38B7F81807231600614EA1</key>
		<dict>
			<key>isa</key>
			<string>PBXFileReference</string>
			<key>lastKnownFileType</key>
			<string>text.xml</string>
			<key>path</key>
			<string>DVUs.entitlements</string>
			<key>sourceTree</key>
			<string>&lt;group&gt;</string>
		</dict>
		<key>FED221F317FD0432002E6708</key>
		<dict>
			<key>children</key>
			<array>
				<string>FEF208C717FF98A400315584</string>
			</array>
			<key>isa</key>
			<string>PBXGroup</string>
			<key>name</key>
			<string>messageList</string>
			<key>sourceTree</key>
			<string>&lt;group&gt;</string>
		</dict>
		<key>FEE3FF141805BAA700DCEF1B</key>
		<dict>
			<key>children</key>
			<array>
				<string>FEE3FF151805BAC000DCEF1B</string>
				<string>FEE3FF161805BAC000DCEF1B</string>
			</array>
			<key>isa</key>
			<string>PBXGroup</string>
			<key>name</key>
			<string>data</string>
			<key>sourceTree</key>
			<string>&lt;group&gt;</string>
		</dict>
		<key>FEE3FF151805BAC000DCEF1B</key>
		<dict>
			<key>fileEncoding</key>
			<string>4</string>
			<key>isa</key>
			<string>PBXFileReference</string>
			<key>lastKnownFileType</key>
			<string>sourcecode.c.h</string>
			<key>path</key>
			<string>DataCenter.h</string>
			<key>sourceTree</key>
			<string>&lt;group&gt;</string>
		</dict>
		<key>FEE3FF161805BAC000DCEF1B</key>
		<dict>
			<key>fileEncoding</key>
			<string>4</string>
			<key>isa</key>
			<string>PBXFileReference</string>
			<key>lastKnownFileType</key>
			<string>sourcecode.c.objc</string>
			<key>path</key>
			<string>DataCenter.m</string>
			<key>sourceTree</key>
			<string>&lt;group&gt;</string>
		</dict>
		<key>FEE3FF171805BAC000DCEF1B</key>
		<dict>
			<key>fileRef</key>
			<string>FEE3FF161805BAC000DCEF1B</string>
			<key>isa</key>
			<string>PBXBuildFile</string>
		</dict>
		<key>FEE3FF1818061BB500DCEF1B</key>
		<dict>
			<key>children</key>
			<array>
				<string>FEE3FF1918061BB500DCEF1B</string>
				<string>FEE3FF1A18061BB500DCEF1B</string>
				<string>FEE3FF1B18061BB500DCEF1B</string>
				<string>FEE3FF1C18061BB500DCEF1B</string>
				<string>FEE3FF1D18061BB500DCEF1B</string>
				<string>FEE3FF1E18061BB500DCEF1B</string>
				<string>FEE3FF1F18061BB500DCEF1B</string>
				<string>FEE3FF2018061BB500DCEF1B</string>
				<string>FEE3FF2118061BB500DCEF1B</string>
				<string>FEE3FF2218061BB500DCEF1B</string>
				<string>FEE3FF2318061BB500DCEF1B</string>
				<string>FEE3FF2418061BB500DCEF1B</string>
				<string>FEE3FF2518061BB500DCEF1B</string>
			</array>
			<key>isa</key>
			<string>PBXGroup</string>
			<key>path</key>
			<string>category</string>
			<key>sourceTree</key>
			<string>SOURCE_ROOT</string>
		</dict>
		<key>FEE3FF1918061BB500DCEF1B</key>
		<dict>
			<key>fileEncoding</key>
			<string>4</string>
			<key>isa</key>
			<string>PBXFileReference</string>
			<key>lastKnownFileType</key>
			<string>sourcecode.c.h</string>
			<key>path</key>
			<string>CMCommonCategory.h</string>
			<key>sourceTree</key>
			<string>&lt;group&gt;</string>
		</dict>
		<key>FEE3FF1A18061BB500DCEF1B</key>
		<dict>
			<key>fileEncoding</key>
			<string>4</string>
			<key>isa</key>
			<string>PBXFileReference</string>
			<key>lastKnownFileType</key>
			<string>sourcecode.c.h</string>
			<key>path</key>
			<string>NSDateAdditions.h</string>
			<key>sourceTree</key>
			<string>&lt;group&gt;</string>
		</dict>
		<key>FEE3FF1B18061BB500DCEF1B</key>
		<dict>
			<key>fileEncoding</key>
			<string>4</string>
			<key>isa</key>
			<string>PBXFileReference</string>
			<key>lastKnownFileType</key>
			<string>sourcecode.c.objc</string>
			<key>path</key>
			<string>NSDateAdditions.m</string>
			<key>sourceTree</key>
			<string>&lt;group&gt;</string>
		</dict>
		<key>FEE3FF1C18061BB500DCEF1B</key>
		<dict>
			<key>fileEncoding</key>
			<string>4</string>
			<key>isa</key>
			<string>PBXFileReference</string>
			<key>lastKnownFileType</key>
			<string>sourcecode.c.h</string>
			<key>path</key>
			<string>NSStringAdditions.h</string>
			<key>sourceTree</key>
			<string>&lt;group&gt;</string>
		</dict>
		<key>FEE3FF1D18061BB500DCEF1B</key>
		<dict>
			<key>fileEncoding</key>
			<string>4</string>
			<key>isa</key>
			<string>PBXFileReference</string>
			<key>lastKnownFileType</key>
			<string>sourcecode.c.objc</string>
			<key>path</key>
			<string>NSStringAdditions.m</string>
			<key>sourceTree</key>
			<string>&lt;group&gt;</string>
		</dict>
		<key>FEE3FF1E18061BB500DCEF1B</key>
		<dict>
			<key>fileEncoding</key>
			<string>4</string>
			<key>isa</key>
			<string>PBXFileReference</string>
			<key>lastKnownFileType</key>
			<string>sourcecode.c.h</string>
			<key>path</key>
			<string>UIDeviceAdditions.h</string>
			<key>sourceTree</key>
			<string>&lt;group&gt;</string>
		</dict>
		<key>FEE3FF1F18061BB500DCEF1B</key>
		<dict>
			<key>fileEncoding</key>
			<string>4</string>
			<key>isa</key>
			<string>PBXFileReference</string>
			<key>lastKnownFileType</key>
			<string>sourcecode.c.objc</string>
			<key>path</key>
			<string>UIDeviceAdditions.m</string>
			<key>sourceTree</key>
			<string>&lt;group&gt;</string>
		</dict>
		<key>FEE3FF2018061BB500DCEF1B</key>
		<dict>
			<key>fileEncoding</key>
			<string>4</string>
			<key>isa</key>
			<string>PBXFileReference</string>
			<key>lastKnownFileType</key>
			<string>sourcecode.c.h</string>
			<key>path</key>
			<string>UIFontAdditions.h</string>
			<key>sourceTree</key>
			<string>&lt;group&gt;</string>
		</dict>
		<key>FEE3FF2118061BB500DCEF1B</key>
		<dict>
			<key>fileEncoding</key>
			<string>4</string>
			<key>isa</key>
			<string>PBXFileReference</string>
			<key>lastKnownFileType</key>
			<string>sourcecode.c.objc</string>
			<key>path</key>
			<string>UIFontAdditions.m</string>
			<key>sourceTree</key>
			<string>&lt;group&gt;</string>
		</dict>
		<key>FEE3FF2218061BB500DCEF1B</key>
		<dict>
			<key>fileEncoding</key>
			<string>4</string>
			<key>isa</key>
			<string>PBXFileReference</string>
			<key>lastKnownFileType</key>
			<string>sourcecode.c.h</string>
			<key>path</key>
			<string>UIViewAdditions.h</string>
			<key>sourceTree</key>
			<string>&lt;group&gt;</string>
		</dict>
		<key>FEE3FF2318061BB500DCEF1B</key>
		<dict>
			<key>fileEncoding</key>
			<string>4</string>
			<key>isa</key>
			<string>PBXFileReference</string>
			<key>lastKnownFileType</key>
			<string>sourcecode.c.objc</string>
			<key>path</key>
			<string>UIViewAdditions.m</string>
			<key>sourceTree</key>
			<string>&lt;group&gt;</string>
		</dict>
		<key>FEE3FF2418061BB500DCEF1B</key>
		<dict>
			<key>fileEncoding</key>
			<string>4</string>
			<key>isa</key>
			<string>PBXFileReference</string>
			<key>lastKnownFileType</key>
			<string>sourcecode.c.h</string>
			<key>path</key>
			<string>UIViewControllerAdditions.h</string>
			<key>sourceTree</key>
			<string>&lt;group&gt;</string>
		</dict>
		<key>FEE3FF2518061BB500DCEF1B</key>
		<dict>
			<key>fileEncoding</key>
			<string>4</string>
			<key>isa</key>
			<string>PBXFileReference</string>
			<key>lastKnownFileType</key>
			<string>sourcecode.c.objc</string>
			<key>path</key>
			<string>UIViewControllerAdditions.m</string>
			<key>sourceTree</key>
			<string>&lt;group&gt;</string>
		</dict>
		<key>FEE3FF2618061BB500DCEF1B</key>
		<dict>
			<key>fileRef</key>
			<string>FEE3FF1B18061BB500DCEF1B</string>
			<key>isa</key>
			<string>PBXBuildFile</string>
		</dict>
		<key>FEE3FF2718061BB500DCEF1B</key>
		<dict>
			<key>fileRef</key>
			<string>FEE3FF1D18061BB500DCEF1B</string>
			<key>isa</key>
			<string>PBXBuildFile</string>
		</dict>
		<key>FEE3FF2818061BB500DCEF1B</key>
		<dict>
			<key>fileRef</key>
			<string>FEE3FF1F18061BB500DCEF1B</string>
			<key>isa</key>
			<string>PBXBuildFile</string>
		</dict>
		<key>FEE3FF2918061BB500DCEF1B</key>
		<dict>
			<key>fileRef</key>
			<string>FEE3FF2118061BB500DCEF1B</string>
			<key>isa</key>
			<string>PBXBuildFile</string>
		</dict>
		<key>FEE3FF2A18061BB500DCEF1B</key>
		<dict>
			<key>fileRef</key>
			<string>FEE3FF2318061BB500DCEF1B</string>
			<key>isa</key>
			<string>PBXBuildFile</string>
		</dict>
		<key>FEE3FF2B18061BB500DCEF1B</key>
		<dict>
			<key>fileRef</key>
			<string>FEE3FF2518061BB500DCEF1B</string>
			<key>isa</key>
			<string>PBXBuildFile</string>
		</dict>
		<key>FEE3FF2C18062FA200DCEF1B</key>
		<dict>
			<key>fileEncoding</key>
			<string>4</string>
			<key>isa</key>
			<string>PBXFileReference</string>
			<key>lastKnownFileType</key>
			<string>sourcecode.c.h</string>
			<key>path</key>
			<string>MessageEditVC.h</string>
			<key>sourceTree</key>
			<string>&lt;group&gt;</string>
		</dict>
		<key>FEE3FF2D18062FA200DCEF1B</key>
		<dict>
			<key>fileEncoding</key>
			<string>4</string>
			<key>isa</key>
			<string>PBXFileReference</string>
			<key>lastKnownFileType</key>
			<string>sourcecode.c.objc</string>
			<key>path</key>
			<string>MessageEditVC.m</string>
			<key>sourceTree</key>
			<string>&lt;group&gt;</string>
		</dict>
		<key>FEE3FF2E18062FA200DCEF1B</key>
		<dict>
			<key>fileRef</key>
			<string>FEE3FF2D18062FA200DCEF1B</string>
			<key>isa</key>
			<string>PBXBuildFile</string>
		</dict>
		<key>FEF0E0E817F8805700D6D680</key>
		<dict>
			<key>children</key>
			<array>
				<string>FED221F317FD0432002E6708</string>
				<string>FEFCFD8317F1025100881C24</string>
				<string>FEFCFD8617F1025100881C24</string>
				<string>FEFCFD8717F1025100881C24</string>
				<string>FEFCFD8917F1025100881C24</string>
				<string>FEFCFD8A17F1025100881C24</string>
				<string>FEF0E0E917F880AD00D6D680</string>
				<string>FEF0E0EA17F880AD00D6D680</string>
				<string>FEE3FF2C18062FA200DCEF1B</string>
				<string>FEE3FF2D18062FA200DCEF1B</string>
			</array>
			<key>isa</key>
			<string>PBXGroup</string>
			<key>name</key>
			<string>UI</string>
			<key>sourceTree</key>
			<string>&lt;group&gt;</string>
		</dict>
		<key>FEF0E0E917F880AD00D6D680</key>
		<dict>
			<key>fileEncoding</key>
			<string>4</string>
			<key>isa</key>
			<string>PBXFileReference</string>
			<key>lastKnownFileType</key>
			<string>sourcecode.c.h</string>
			<key>path</key>
			<string>SettingVC.h</string>
			<key>sourceTree</key>
			<string>&lt;group&gt;</string>
		</dict>
		<key>FEF0E0EA17F880AD00D6D680</key>
		<dict>
			<key>fileEncoding</key>
			<string>4</string>
			<key>isa</key>
			<string>PBXFileReference</string>
			<key>lastKnownFileType</key>
			<string>sourcecode.c.objc</string>
			<key>path</key>
			<string>SettingVC.m</string>
			<key>sourceTree</key>
			<string>&lt;group&gt;</string>
		</dict>
		<key>FEF0E0EB17F880AD00D6D680</key>
		<dict>
			<key>fileRef</key>
			<string>FEF0E0EA17F880AD00D6D680</string>
			<key>isa</key>
			<string>PBXBuildFile</string>
		</dict>
		<key>FEF208C717FF98A400315584</key>
		<dict>
			<key>fileEncoding</key>
			<string>4</string>
			<key>isa</key>
			<string>PBXFileReference</string>
			<key>lastKnownFileType</key>
			<string>text</string>
			<key>path</key>
			<string>MessageData.geojson</string>
			<key>sourceTree</key>
			<string>&lt;group&gt;</string>
		</dict>
		<key>FEF208C817FF98A400315584</key>
		<dict>
			<key>fileRef</key>
			<string>FEF208C717FF98A400315584</string>
			<key>isa</key>
			<string>PBXBuildFile</string>
		</dict>
		<key>FEFCFD6517F1025000881C24</key>
		<dict>
			<key>children</key>
			<array>
				<string>FE38B7F61807208600614EA1</string>
				<string>FEFCFD7717F1025100881C24</string>
				<string>FEFCFD9917F1025100881C24</string>
				<string>FEFCFD7017F1025100881C24</string>
				<string>FEFCFD6F17F1025100881C24</string>
				<string>86EC87245CCF430DBE5584E4</string>
			</array>
			<key>isa</key>
			<string>PBXGroup</string>
			<key>sourceTree</key>
			<string>&lt;group&gt;</string>
		</dict>
		<key>FEFCFD6617F1025100881C24</key>
		<dict>
			<key>attributes</key>
			<dict>
				<key>LastUpgradeCheck</key>
				<string>0500</string>
				<key>ORGANIZATIONNAME</key>
				<string>pan Shiyu</string>
				<key>TargetAttributes</key>
				<dict>
					<key>FEFCFD6D17F1025100881C24</key>
					<dict>
						<key>DevelopmentTeam</key>
						<string>BHWTW6L8X6</string>
						<key>SystemCapabilities</key>
						<dict>
							<key>com.apple.BackgroundModes</key>
							<dict>
								<key>enabled</key>
								<string>0</string>
							</dict>
							<key>com.apple.iCloud</key>
							<dict>
								<key>enabled</key>
								<string>0</string>
							</dict>
							<key>com.apple.iOS</key>
							<dict>
								<key>enabled</key>
								<string>0</string>
							</dict>
						</dict>
					</dict>
					<key>FEFCFD9117F1025100881C24</key>
					<dict>
						<key>TestTargetID</key>
						<string>FEFCFD6D17F1025100881C24</string>
					</dict>
				</dict>
			</dict>
			<key>buildConfigurationList</key>
			<string>FEFCFD6917F1025100881C24</string>
			<key>compatibilityVersion</key>
			<string>Xcode 3.2</string>
			<key>developmentRegion</key>
			<string>English</string>
			<key>hasScannedForEncodings</key>
			<string>0</string>
			<key>isa</key>
			<string>PBXProject</string>
			<key>knownRegions</key>
			<array>
				<string>en</string>
				<string>Base</string>
			</array>
			<key>mainGroup</key>
			<string>FEFCFD6517F1025000881C24</string>
			<key>productRefGroup</key>
			<string>FEFCFD6F17F1025100881C24</string>
			<key>projectDirPath</key>
			<string></string>
			<key>projectReferences</key>
			<array/>
			<key>projectRoot</key>
			<string></string>
			<key>targets</key>
			<array>
				<string>FEFCFD6D17F1025100881C24</string>
				<string>FEFCFD9117F1025100881C24</string>
			</array>
		</dict>
		<key>FEFCFD6917F1025100881C24</key>
		<dict>
			<key>buildConfigurations</key>
			<array>
				<string>FEFCFDA117F1025100881C24</string>
				<string>FEFCFDA217F1025100881C24</string>
			</array>
			<key>defaultConfigurationIsVisible</key>
			<string>0</string>
			<key>defaultConfigurationName</key>
			<string>Release</string>
			<key>isa</key>
			<string>XCConfigurationList</string>
		</dict>
		<key>FEFCFD6A17F1025100881C24</key>
		<dict>
			<key>buildActionMask</key>
			<string>2147483647</string>
			<key>files</key>
			<array>
				<string>FEF0E0EB17F880AD00D6D680</string>
				<string>FEE3FF2618061BB500DCEF1B</string>
				<string>FEE3FF2B18061BB500DCEF1B</string>
				<string>FEFCFD8B17F1025100881C24</string>
				<string>FEE3FF2A18061BB500DCEF1B</string>
				<string>FEFCFD8217F1025100881C24</string>
				<string>FEE3FF2918061BB500DCEF1B</string>
				<string>FEFCFD8817F1025100881C24</string>
				<string>FEE3FF2718061BB500DCEF1B</string>
				<string>FEE3FF2E18062FA200DCEF1B</string>
				<string>FEE3FF171805BAC000DCEF1B</string>
				<string>FEFCFD7E17F1025100881C24</string>
				<string>FEE3FF2818061BB500DCEF1B</string>
			</array>
			<key>isa</key>
			<string>PBXSourcesBuildPhase</string>
			<key>runOnlyForDeploymentPostprocessing</key>
			<string>0</string>
		</dict>
		<key>FEFCFD6B17F1025100881C24</key>
		<dict>
			<key>buildActionMask</key>
			<string>2147483647</string>
			<key>files</key>
			<array>
				<string>FEFCFD7417F1025100881C24</string>
				<string>FEFCFD7617F1025100881C24</string>
				<string>FEFCFD7217F1025100881C24</string>
				<string>3E7F27F3F197487288DB5705</string>
			</array>
			<key>isa</key>
			<string>PBXFrameworksBuildPhase</string>
			<key>runOnlyForDeploymentPostprocessing</key>
			<string>0</string>
		</dict>
		<key>FEFCFD6C17F1025100881C24</key>
		<dict>
			<key>buildActionMask</key>
			<string>2147483647</string>
			<key>files</key>
			<array>
				<string>FEFCFD8D17F1025100881C24</string>
				<string>FEF208C817FF98A400315584</string>
				<string>FEFCFD7C17F1025100881C24</string>
				<string>FE38B7F218070DBE00614EA1</string>
				<string>FE38B7F71807208600614EA1</string>
				<string>FE38B7F118070DBE00614EA1</string>
				<string>FEFCFD8517F1025100881C24</string>
				<string>FE38B7F318070DBE00614EA1</string>
			</array>
			<key>isa</key>
			<string>PBXResourcesBuildPhase</string>
			<key>runOnlyForDeploymentPostprocessing</key>
			<string>0</string>
		</dict>
		<key>FEFCFD6D17F1025100881C24</key>
		<dict>
			<key>buildConfigurationList</key>
			<string>FEFCFDA317F1025100881C24</string>
			<key>buildPhases</key>
			<array>
				<string>772CCEEA0BA44FCEAC529CA2</string>
				<string>FEFCFD6A17F1025100881C24</string>
				<string>FEFCFD6B17F1025100881C24</string>
				<string>FEFCFD6C17F1025100881C24</string>
				<string>8EFA19DF0D5141029154B9A7</string>
			</array>
			<key>buildRules</key>
			<array/>
			<key>dependencies</key>
			<array/>
			<key>isa</key>
			<string>PBXNativeTarget</string>
			<key>name</key>
			<string>DVUs</string>
			<key>productName</key>
			<string>DVUs</string>
			<key>productReference</key>
			<string>FEFCFD6E17F1025100881C24</string>
			<key>productType</key>
			<string>com.apple.product-type.application</string>
		</dict>
		<key>FEFCFD6E17F1025100881C24</key>
		<dict>
			<key>explicitFileType</key>
			<string>wrapper.application</string>
			<key>includeInIndex</key>
			<string>0</string>
			<key>isa</key>
			<string>PBXFileReference</string>
			<key>path</key>
			<string>DVUs.app</string>
			<key>sourceTree</key>
			<string>BUILT_PRODUCTS_DIR</string>
		</dict>
		<key>FEFCFD6F17F1025100881C24</key>
		<dict>
			<key>children</key>
			<array>
				<string>FEFCFD6E17F1025100881C24</string>
				<string>FEFCFD9217F1025100881C24</string>
			</array>
			<key>isa</key>
			<string>PBXGroup</string>
			<key>name</key>
			<string>Products</string>
			<key>sourceTree</key>
			<string>&lt;group&gt;</string>
		</dict>
		<key>FEFCFD7017F1025100881C24</key>
		<dict>
			<key>children</key>
			<array>
				<string>FEFCFD7117F1025100881C24</string>
				<string>FEFCFD7317F1025100881C24</string>
				<string>FEFCFD7517F1025100881C24</string>
				<string>FEFCFD9317F1025100881C24</string>
				<string>A6CBA47C5FAE4CDD9DFBD4DD</string>
			</array>
			<key>isa</key>
			<string>PBXGroup</string>
			<key>name</key>
			<string>Frameworks</string>
			<key>sourceTree</key>
			<string>&lt;group&gt;</string>
		</dict>
		<key>FEFCFD7117F1025100881C24</key>
		<dict>
			<key>isa</key>
			<string>PBXFileReference</string>
			<key>lastKnownFileType</key>
			<string>wrapper.framework</string>
			<key>name</key>
			<string>Foundation.framework</string>
			<key>path</key>
			<string>System/Library/Frameworks/Foundation.framework</string>
			<key>sourceTree</key>
			<string>SDKROOT</string>
		</dict>
		<key>FEFCFD7217F1025100881C24</key>
		<dict>
			<key>fileRef</key>
			<string>FEFCFD7117F1025100881C24</string>
			<key>isa</key>
			<string>PBXBuildFile</string>
		</dict>
		<key>FEFCFD7317F1025100881C24</key>
		<dict>
			<key>isa</key>
			<string>PBXFileReference</string>
			<key>lastKnownFileType</key>
			<string>wrapper.framework</string>
			<key>name</key>
			<string>CoreGraphics.framework</string>
			<key>path</key>
			<string>System/Library/Frameworks/CoreGraphics.framework</string>
			<key>sourceTree</key>
			<string>SDKROOT</string>
		</dict>
		<key>FEFCFD7417F1025100881C24</key>
		<dict>
			<key>fileRef</key>
			<string>FEFCFD7317F1025100881C24</string>
			<key>isa</key>
			<string>PBXBuildFile</string>
		</dict>
		<key>FEFCFD7517F1025100881C24</key>
		<dict>
			<key>isa</key>
			<string>PBXFileReference</string>
			<key>lastKnownFileType</key>
			<string>wrapper.framework</string>
			<key>name</key>
			<string>UIKit.framework</string>
			<key>path</key>
			<string>System/Library/Frameworks/UIKit.framework</string>
			<key>sourceTree</key>
			<string>SDKROOT</string>
		</dict>
		<key>FEFCFD7617F1025100881C24</key>
		<dict>
			<key>fileRef</key>
			<string>FEFCFD7517F1025100881C24</string>
			<key>isa</key>
			<string>PBXBuildFile</string>
		</dict>
		<key>FEFCFD7717F1025100881C24</key>
		<dict>
			<key>children</key>
			<array>
				<string>FE38B7F81807231600614EA1</string>
				<string>FEE3FF1818061BB500DCEF1B</string>
				<string>FEE3FF141805BAA700DCEF1B</string>
				<string>FEF0E0E817F8805700D6D680</string>
				<string>FEFCFD8017F1025100881C24</string>
				<string>FEFCFD8117F1025100881C24</string>
				<string>FEFCFD8C17F1025100881C24</string>
				<string>FEFCFD7817F1025100881C24</string>
			</array>
			<key>isa</key>
			<string>PBXGroup</string>
			<key>path</key>
			<string>DVUs</string>
			<key>sourceTree</key>
			<string>&lt;group&gt;</string>
		</dict>
		<key>FEFCFD7817F1025100881C24</key>
		<dict>
			<key>children</key>
			<array>
				<string>FE38B7EE18070DBE00614EA1</string>
				<string>FE38B7EF18070DBE00614EA1</string>
				<string>FE38B7F018070DBE00614EA1</string>
				<string>FEFCFD7917F1025100881C24</string>
				<string>FEFCFD7A17F1025100881C24</string>
				<string>FEFCFD7D17F1025100881C24</string>
				<string>FEFCFD7F17F1025100881C24</string>
			</array>
			<key>isa</key>
			<string>PBXGroup</string>
			<key>name</key>
			<string>Supporting Files</string>
			<key>sourceTree</key>
			<string>&lt;group&gt;</string>
		</dict>
		<key>FEFCFD7917F1025100881C24</key>
		<dict>
			<key>isa</key>
			<string>PBXFileReference</string>
			<key>lastKnownFileType</key>
			<string>text.plist.xml</string>
			<key>path</key>
			<string>DVUs-Info.plist</string>
			<key>sourceTree</key>
			<string>&lt;group&gt;</string>
		</dict>
		<key>FEFCFD7A17F1025100881C24</key>
		<dict>
			<key>children</key>
			<array>
				<string>FEFCFD7B17F1025100881C24</string>
			</array>
			<key>isa</key>
			<string>PBXVariantGroup</string>
			<key>name</key>
			<string>InfoPlist.strings</string>
			<key>sourceTree</key>
			<string>&lt;group&gt;</string>
		</dict>
		<key>FEFCFD7B17F1025100881C24</key>
		<dict>
			<key>isa</key>
			<string>PBXFileReference</string>
			<key>lastKnownFileType</key>
			<string>text.plist.strings</string>
			<key>name</key>
			<string>en</string>
			<key>path</key>
			<string>en.lproj/InfoPlist.strings</string>
			<key>sourceTree</key>
			<string>&lt;group&gt;</string>
		</dict>
		<key>FEFCFD7C17F1025100881C24</key>
		<dict>
			<key>fileRef</key>
			<string>FEFCFD7A17F1025100881C24</string>
			<key>isa</key>
			<string>PBXBuildFile</string>
		</dict>
		<key>FEFCFD7D17F1025100881C24</key>
		<dict>
			<key>isa</key>
			<string>PBXFileReference</string>
			<key>lastKnownFileType</key>
			<string>sourcecode.c.objc</string>
			<key>path</key>
			<string>main.m</string>
			<key>sourceTree</key>
			<string>&lt;group&gt;</string>
		</dict>
		<key>FEFCFD7E17F1025100881C24</key>
		<dict>
			<key>fileRef</key>
			<string>FEFCFD7D17F1025100881C24</string>
			<key>isa</key>
			<string>PBXBuildFile</string>
		</dict>
		<key>FEFCFD7F17F1025100881C24</key>
		<dict>
			<key>isa</key>
			<string>PBXFileReference</string>
			<key>lastKnownFileType</key>
			<string>sourcecode.c.h</string>
			<key>path</key>
			<string>DVUs-Prefix.pch</string>
			<key>sourceTree</key>
			<string>&lt;group&gt;</string>
		</dict>
		<key>FEFCFD8017F1025100881C24</key>
		<dict>
			<key>isa</key>
			<string>PBXFileReference</string>
			<key>lastKnownFileType</key>
			<string>sourcecode.c.h</string>
			<key>path</key>
			<string>AppDelegate.h</string>
			<key>sourceTree</key>
			<string>&lt;group&gt;</string>
		</dict>
		<key>FEFCFD8117F1025100881C24</key>
		<dict>
			<key>isa</key>
			<string>PBXFileReference</string>
			<key>lastKnownFileType</key>
			<string>sourcecode.c.objc</string>
			<key>path</key>
			<string>AppDelegate.m</string>
			<key>sourceTree</key>
			<string>&lt;group&gt;</string>
		</dict>
		<key>FEFCFD8217F1025100881C24</key>
		<dict>
			<key>fileRef</key>
			<string>FEFCFD8117F1025100881C24</string>
			<key>isa</key>
			<string>PBXBuildFile</string>
		</dict>
		<key>FEFCFD8317F1025100881C24</key>
		<dict>
			<key>children</key>
			<array>
				<string>FEFCFD8417F1025100881C24</string>
			</array>
			<key>isa</key>
			<string>PBXVariantGroup</string>
			<key>name</key>
			<string>Main.storyboard</string>
			<key>sourceTree</key>
			<string>&lt;group&gt;</string>
		</dict>
		<key>FEFCFD8417F1025100881C24</key>
		<dict>
			<key>isa</key>
			<string>PBXFileReference</string>
			<key>lastKnownFileType</key>
			<string>file.storyboard</string>
			<key>name</key>
			<string>Base</string>
			<key>path</key>
			<string>Base.lproj/Main.storyboard</string>
			<key>sourceTree</key>
			<string>&lt;group&gt;</string>
		</dict>
		<key>FEFCFD8517F1025100881C24</key>
		<dict>
			<key>fileRef</key>
			<string>FEFCFD8317F1025100881C24</string>
			<key>isa</key>
			<string>PBXBuildFile</string>
		</dict>
		<key>FEFCFD8617F1025100881C24</key>
		<dict>
			<key>isa</key>
			<string>PBXFileReference</string>
			<key>lastKnownFileType</key>
			<string>sourcecode.c.h</string>
			<key>path</key>
			<string>MessageListVC.h</string>
			<key>sourceTree</key>
			<string>&lt;group&gt;</string>
		</dict>
		<key>FEFCFD8717F1025100881C24</key>
		<dict>
			<key>isa</key>
			<string>PBXFileReference</string>
			<key>lastKnownFileType</key>
			<string>sourcecode.c.objc</string>
			<key>path</key>
			<string>MessageListVC.m</string>
			<key>sourceTree</key>
			<string>&lt;group&gt;</string>
		</dict>
		<key>FEFCFD8817F1025100881C24</key>
		<dict>
			<key>fileRef</key>
			<string>FEFCFD8717F1025100881C24</string>
			<key>isa</key>
			<string>PBXBuildFile</string>
		</dict>
		<key>FEFCFD8917F1025100881C24</key>
		<dict>
			<key>isa</key>
			<string>PBXFileReference</string>
			<key>lastKnownFileType</key>
			<string>sourcecode.c.h</string>
			<key>path</key>
			<string>FriendListVC.h</string>
			<key>sourceTree</key>
			<string>&lt;group&gt;</string>
		</dict>
		<key>FEFCFD8A17F1025100881C24</key>
		<dict>
			<key>isa</key>
			<string>PBXFileReference</string>
			<key>lastKnownFileType</key>
			<string>sourcecode.c.objc</string>
			<key>path</key>
			<string>FriendListVC.m</string>
			<key>sourceTree</key>
			<string>&lt;group&gt;</string>
		</dict>
		<key>FEFCFD8B17F1025100881C24</key>
		<dict>
			<key>fileRef</key>
			<string>FEFCFD8A17F1025100881C24</string>
			<key>isa</key>
			<string>PBXBuildFile</string>
		</dict>
		<key>FEFCFD8C17F1025100881C24</key>
		<dict>
			<key>isa</key>
			<string>PBXFileReference</string>
			<key>lastKnownFileType</key>
			<string>folder.assetcatalog</string>
			<key>path</key>
			<string>Images.xcassets</string>
			<key>sourceTree</key>
			<string>&lt;group&gt;</string>
		</dict>
		<key>FEFCFD8D17F1025100881C24</key>
		<dict>
			<key>fileRef</key>
			<string>FEFCFD8C17F1025100881C24</string>
			<key>isa</key>
			<string>PBXBuildFile</string>
		</dict>
		<key>FEFCFD8E17F1025100881C24</key>
		<dict>
			<key>buildActionMask</key>
			<string>2147483647</string>
			<key>files</key>
			<array>
				<string>FEFCFDA017F1025100881C24</string>
			</array>
			<key>isa</key>
			<string>PBXSourcesBuildPhase</string>
			<key>runOnlyForDeploymentPostprocessing</key>
			<string>0</string>
		</dict>
		<key>FEFCFD8F17F1025100881C24</key>
		<dict>
			<key>buildActionMask</key>
			<string>2147483647</string>
			<key>files</key>
			<array>
				<string>FEFCFD9417F1025100881C24</string>
				<string>FEFCFD9617F1025100881C24</string>
				<string>FEFCFD9517F1025100881C24</string>
			</array>
			<key>isa</key>
			<string>PBXFrameworksBuildPhase</string>
			<key>runOnlyForDeploymentPostprocessing</key>
			<string>0</string>
		</dict>
		<key>FEFCFD9017F1025100881C24</key>
		<dict>
			<key>buildActionMask</key>
			<string>2147483647</string>
			<key>files</key>
			<array>
				<string>FEFCFD9E17F1025100881C24</string>
			</array>
			<key>isa</key>
			<string>PBXResourcesBuildPhase</string>
			<key>runOnlyForDeploymentPostprocessing</key>
			<string>0</string>
		</dict>
		<key>FEFCFD9117F1025100881C24</key>
		<dict>
			<key>buildConfigurationList</key>
			<string>FEFCFDA617F1025100881C24</string>
			<key>buildPhases</key>
			<array>
				<string>FEFCFD8E17F1025100881C24</string>
				<string>FEFCFD8F17F1025100881C24</string>
				<string>FEFCFD9017F1025100881C24</string>
			</array>
			<key>buildRules</key>
			<array/>
			<key>dependencies</key>
			<array>
				<string>FEFCFD9817F1025100881C24</string>
			</array>
			<key>isa</key>
			<string>PBXNativeTarget</string>
			<key>name</key>
			<string>DVUsTests</string>
			<key>productName</key>
			<string>DVUsTests</string>
			<key>productReference</key>
			<string>FEFCFD9217F1025100881C24</string>
			<key>productType</key>
			<string>com.apple.product-type.bundle.unit-test</string>
		</dict>
		<key>FEFCFD9217F1025100881C24</key>
		<dict>
			<key>explicitFileType</key>
			<string>wrapper.cfbundle</string>
			<key>includeInIndex</key>
			<string>0</string>
			<key>isa</key>
			<string>PBXFileReference</string>
			<key>path</key>
			<string>DVUsTests.xctest</string>
			<key>sourceTree</key>
			<string>BUILT_PRODUCTS_DIR</string>
		</dict>
		<key>FEFCFD9317F1025100881C24</key>
		<dict>
			<key>isa</key>
			<string>PBXFileReference</string>
			<key>lastKnownFileType</key>
			<string>wrapper.framework</string>
			<key>name</key>
			<string>XCTest.framework</string>
			<key>path</key>
			<string>Library/Frameworks/XCTest.framework</string>
			<key>sourceTree</key>
			<string>DEVELOPER_DIR</string>
		</dict>
		<key>FEFCFD9417F1025100881C24</key>
		<dict>
			<key>fileRef</key>
			<string>FEFCFD9317F1025100881C24</string>
			<key>isa</key>
			<string>PBXBuildFile</string>
		</dict>
		<key>FEFCFD9517F1025100881C24</key>
		<dict>
			<key>fileRef</key>
			<string>FEFCFD7117F1025100881C24</string>
			<key>isa</key>
			<string>PBXBuildFile</string>
		</dict>
		<key>FEFCFD9617F1025100881C24</key>
		<dict>
			<key>fileRef</key>
			<string>FEFCFD7517F1025100881C24</string>
			<key>isa</key>
			<string>PBXBuildFile</string>
		</dict>
		<key>FEFCFD9717F1025100881C24</key>
		<dict>
			<key>containerPortal</key>
			<string>FEFCFD6617F1025100881C24</string>
			<key>isa</key>
			<string>PBXContainerItemProxy</string>
			<key>proxyType</key>
			<string>1</string>
			<key>remoteGlobalIDString</key>
			<string>FEFCFD6D17F1025100881C24</string>
			<key>remoteInfo</key>
			<string>DVUs</string>
		</dict>
		<key>FEFCFD9817F1025100881C24</key>
		<dict>
			<key>isa</key>
			<string>PBXTargetDependency</string>
			<key>target</key>
			<string>FEFCFD6D17F1025100881C24</string>
			<key>targetProxy</key>
			<string>FEFCFD9717F1025100881C24</string>
		</dict>
		<key>FEFCFD9917F1025100881C24</key>
		<dict>
			<key>children</key>
			<array>
				<string>FEFCFD9F17F1025100881C24</string>
				<string>FEFCFD9A17F1025100881C24</string>
			</array>
			<key>isa</key>
			<string>PBXGroup</string>
			<key>path</key>
			<string>DVUsTests</string>
			<key>sourceTree</key>
			<string>&lt;group&gt;</string>
		</dict>
		<key>FEFCFD9A17F1025100881C24</key>
		<dict>
			<key>children</key>
			<array>
				<string>FEFCFD9B17F1025100881C24</string>
				<string>FEFCFD9C17F1025100881C24</string>
			</array>
			<key>isa</key>
			<string>PBXGroup</string>
			<key>name</key>
			<string>Supporting Files</string>
			<key>sourceTree</key>
			<string>&lt;group&gt;</string>
		</dict>
		<key>FEFCFD9B17F1025100881C24</key>
		<dict>
			<key>isa</key>
			<string>PBXFileReference</string>
			<key>lastKnownFileType</key>
			<string>text.plist.xml</string>
			<key>path</key>
			<string>DVUsTests-Info.plist</string>
			<key>sourceTree</key>
			<string>&lt;group&gt;</string>
		</dict>
		<key>FEFCFD9C17F1025100881C24</key>
		<dict>
			<key>children</key>
			<array>
				<string>FEFCFD9D17F1025100881C24</string>
			</array>
			<key>isa</key>
			<string>PBXVariantGroup</string>
			<key>name</key>
			<string>InfoPlist.strings</string>
			<key>sourceTree</key>
			<string>&lt;group&gt;</string>
		</dict>
		<key>FEFCFD9D17F1025100881C24</key>
		<dict>
			<key>isa</key>
			<string>PBXFileReference</string>
			<key>lastKnownFileType</key>
			<string>text.plist.strings</string>
			<key>name</key>
			<string>en</string>
			<key>path</key>
			<string>en.lproj/InfoPlist.strings</string>
			<key>sourceTree</key>
			<string>&lt;group&gt;</string>
		</dict>
		<key>FEFCFD9E17F1025100881C24</key>
		<dict>
			<key>fileRef</key>
			<string>FEFCFD9C17F1025100881C24</string>
			<key>isa</key>
			<string>PBXBuildFile</string>
		</dict>
		<key>FEFCFD9F17F1025100881C24</key>
		<dict>
			<key>isa</key>
			<string>PBXFileReference</string>
			<key>lastKnownFileType</key>
			<string>sourcecode.c.objc</string>
			<key>path</key>
			<string>DVUsTests.m</string>
			<key>sourceTree</key>
			<string>&lt;group&gt;</string>
		</dict>
		<key>FEFCFDA017F1025100881C24</key>
		<dict>
			<key>fileRef</key>
			<string>FEFCFD9F17F1025100881C24</string>
			<key>isa</key>
			<string>PBXBuildFile</string>
		</dict>
		<key>FEFCFDA117F1025100881C24</key>
		<dict>
			<key>buildSettings</key>
			<dict>
				<key>ALWAYS_SEARCH_USER_PATHS</key>
				<string>NO</string>
				<key>ARCHS</key>
				<string>$(ARCHS_STANDARD_INCLUDING_64_BIT)</string>
				<key>CLANG_CXX_LANGUAGE_STANDARD</key>
				<string>gnu++0x</string>
				<key>CLANG_CXX_LIBRARY</key>
				<string>libc++</string>
				<key>CLANG_ENABLE_MODULES</key>
				<string>YES</string>
				<key>CLANG_ENABLE_OBJC_ARC</key>
				<string>YES</string>
				<key>CLANG_WARN_BOOL_CONVERSION</key>
				<string>YES</string>
				<key>CLANG_WARN_CONSTANT_CONVERSION</key>
				<string>YES</string>
				<key>CLANG_WARN_DIRECT_OBJC_ISA_USAGE</key>
				<string>YES_ERROR</string>
				<key>CLANG_WARN_EMPTY_BODY</key>
				<string>YES</string>
				<key>CLANG_WARN_ENUM_CONVERSION</key>
				<string>YES</string>
				<key>CLANG_WARN_INT_CONVERSION</key>
				<string>YES</string>
				<key>CLANG_WARN_OBJC_ROOT_CLASS</key>
				<string>YES_ERROR</string>
				<key>CLANG_WARN__DUPLICATE_METHOD_MATCH</key>
				<string>YES</string>
				<key>CODE_SIGN_IDENTITY[sdk=iphoneos*]</key>
				<string>iPhone Developer</string>
				<key>COPY_PHASE_STRIP</key>
				<string>NO</string>
				<key>GCC_C_LANGUAGE_STANDARD</key>
				<string>gnu99</string>
				<key>GCC_DYNAMIC_NO_PIC</key>
				<string>NO</string>
				<key>GCC_OPTIMIZATION_LEVEL</key>
				<string>0</string>
				<key>GCC_PREPROCESSOR_DEFINITIONS</key>
				<array>
					<string>DEBUG=1</string>
					<string>$(inherited)</string>
				</array>
				<key>GCC_SYMBOLS_PRIVATE_EXTERN</key>
				<string>NO</string>
				<key>GCC_WARN_64_TO_32_BIT_CONVERSION</key>
				<string>YES</string>
				<key>GCC_WARN_ABOUT_RETURN_TYPE</key>
				<string>YES_ERROR</string>
				<key>GCC_WARN_UNDECLARED_SELECTOR</key>
				<string>YES</string>
				<key>GCC_WARN_UNINITIALIZED_AUTOS</key>
				<string>YES</string>
				<key>GCC_WARN_UNUSED_FUNCTION</key>
				<string>YES</string>
				<key>GCC_WARN_UNUSED_VARIABLE</key>
				<string>YES</string>
				<key>IPHONEOS_DEPLOYMENT_TARGET</key>
				<string>7.0</string>
				<key>ONLY_ACTIVE_ARCH</key>
				<string>YES</string>
				<key>SDKROOT</key>
				<string>iphoneos</string>
			</dict>
			<key>isa</key>
			<string>XCBuildConfiguration</string>
			<key>name</key>
			<string>Debug</string>
		</dict>
		<key>FEFCFDA217F1025100881C24</key>
		<dict>
			<key>buildSettings</key>
			<dict>
				<key>ALWAYS_SEARCH_USER_PATHS</key>
				<string>NO</string>
				<key>ARCHS</key>
				<string>$(ARCHS_STANDARD_INCLUDING_64_BIT)</string>
				<key>CLANG_CXX_LANGUAGE_STANDARD</key>
				<string>gnu++0x</string>
				<key>CLANG_CXX_LIBRARY</key>
				<string>libc++</string>
				<key>CLANG_ENABLE_MODULES</key>
				<string>YES</string>
				<key>CLANG_ENABLE_OBJC_ARC</key>
				<string>YES</string>
				<key>CLANG_WARN_BOOL_CONVERSION</key>
				<string>YES</string>
				<key>CLANG_WARN_CONSTANT_CONVERSION</key>
				<string>YES</string>
				<key>CLANG_WARN_DIRECT_OBJC_ISA_USAGE</key>
				<string>YES_ERROR</string>
				<key>CLANG_WARN_EMPTY_BODY</key>
				<string>YES</string>
				<key>CLANG_WARN_ENUM_CONVERSION</key>
				<string>YES</string>
				<key>CLANG_WARN_INT_CONVERSION</key>
				<string>YES</string>
				<key>CLANG_WARN_OBJC_ROOT_CLASS</key>
				<string>YES_ERROR</string>
				<key>CLANG_WARN__DUPLICATE_METHOD_MATCH</key>
				<string>YES</string>
				<key>CODE_SIGN_IDENTITY[sdk=iphoneos*]</key>
				<string>iPhone Developer</string>
				<key>COPY_PHASE_STRIP</key>
				<string>YES</string>
				<key>ENABLE_NS_ASSERTIONS</key>
				<string>NO</string>
				<key>GCC_C_LANGUAGE_STANDARD</key>
				<string>gnu99</string>
				<key>GCC_WARN_64_TO_32_BIT_CONVERSION</key>
				<string>YES</string>
				<key>GCC_WARN_ABOUT_RETURN_TYPE</key>
				<string>YES_ERROR</string>
				<key>GCC_WARN_UNDECLARED_SELECTOR</key>
				<string>YES</string>
				<key>GCC_WARN_UNINITIALIZED_AUTOS</key>
				<string>YES</string>
				<key>GCC_WARN_UNUSED_FUNCTION</key>
				<string>YES</string>
				<key>GCC_WARN_UNUSED_VARIABLE</key>
				<string>YES</string>
				<key>IPHONEOS_DEPLOYMENT_TARGET</key>
				<string>7.0</string>
				<key>SDKROOT</key>
				<string>iphoneos</string>
				<key>VALIDATE_PRODUCT</key>
				<string>YES</string>
			</dict>
			<key>isa</key>
			<string>XCBuildConfiguration</string>
			<key>name</key>
			<string>Release</string>
		</dict>
		<key>FEFCFDA317F1025100881C24</key>
		<dict>
			<key>buildConfigurations</key>
			<array>
				<string>FEFCFDA417F1025100881C24</string>
				<string>FEFCFDA517F1025100881C24</string>
			</array>
			<key>defaultConfigurationIsVisible</key>
			<string>0</string>
			<key>defaultConfigurationName</key>
			<string>Release</string>
			<key>isa</key>
			<string>XCConfigurationList</string>
		</dict>
		<key>FEFCFDA417F1025100881C24</key>
		<dict>
			<key>baseConfigurationReference</key>
			<string>86EC87245CCF430DBE5584E4</string>
			<key>buildSettings</key>
			<dict>
				<key>ARCHS</key>
				<string>$(ARCHS_STANDARD)</string>
				<key>ASSETCATALOG_COMPILER_APPICON_NAME</key>
				<string>AppIcon</string>
				<key>ASSETCATALOG_COMPILER_LAUNCHIMAGE_NAME</key>
				<string>LaunchImage</string>
				<key>CODE_SIGN_IDENTITY</key>
				<string></string>
				<key>CODE_SIGN_IDENTITY[sdk=iphoneos*]</key>
				<string></string>
				<key>GCC_PRECOMPILE_PREFIX_HEADER</key>
				<string>YES</string>
				<key>GCC_PREFIX_HEADER</key>
				<string>DVUs/DVUs-Prefix.pch</string>
				<key>INFOPLIST_FILE</key>
				<string>DVUs/DVUs-Info.plist</string>
				<key>IPHONEOS_DEPLOYMENT_TARGET</key>
				<string>6.0</string>
				<key>PRODUCT_NAME</key>
				<string>$(TARGET_NAME)</string>
				<key>PROVISIONING_PROFILE</key>
				<string>9013A7F8-7E0E-4863-BFF9-6757F121E4F6</string>
				<key>SDKROOT</key>
				<string>iphoneos</string>
				<key>WRAPPER_EXTENSION</key>
				<string>app</string>
			</dict>
			<key>isa</key>
			<string>XCBuildConfiguration</string>
			<key>name</key>
			<string>Debug</string>
		</dict>
		<key>FEFCFDA517F1025100881C24</key>
		<dict>
			<key>baseConfigurationReference</key>
			<string>86EC87245CCF430DBE5584E4</string>
			<key>buildSettings</key>
			<dict>
				<key>ARCHS</key>
				<string>$(ARCHS_STANDARD)</string>
				<key>ASSETCATALOG_COMPILER_APPICON_NAME</key>
				<string>AppIcon</string>
				<key>ASSETCATALOG_COMPILER_LAUNCHIMAGE_NAME</key>
				<string>LaunchImage</string>
				<key>CODE_SIGN_IDENTITY</key>
				<string></string>
				<key>CODE_SIGN_IDENTITY[sdk=iphoneos*]</key>
				<string></string>
				<key>GCC_PRECOMPILE_PREFIX_HEADER</key>
				<string>YES</string>
				<key>GCC_PREFIX_HEADER</key>
				<string>DVUs/DVUs-Prefix.pch</string>
				<key>INFOPLIST_FILE</key>
				<string>DVUs/DVUs-Info.plist</string>
				<key>IPHONEOS_DEPLOYMENT_TARGET</key>
				<string>6.0</string>
				<key>PRODUCT_NAME</key>
				<string>$(TARGET_NAME)</string>
				<key>PROVISIONING_PROFILE</key>
				<string>9013A7F8-7E0E-4863-BFF9-6757F121E4F6</string>
				<key>SDKROOT</key>
				<string>iphoneos</string>
				<key>WRAPPER_EXTENSION</key>
				<string>app</string>
			</dict>
			<key>isa</key>
			<string>XCBuildConfiguration</string>
			<key>name</key>
			<string>Release</string>
		</dict>
		<key>FEFCFDA617F1025100881C24</key>
		<dict>
			<key>buildConfigurations</key>
			<array>
				<string>FEFCFDA717F1025100881C24</string>
				<string>FEFCFDA817F1025100881C24</string>
			</array>
			<key>defaultConfigurationIsVisible</key>
			<string>0</string>
			<key>defaultConfigurationName</key>
			<string>Release</string>
			<key>isa</key>
			<string>XCConfigurationList</string>
		</dict>
		<key>FEFCFDA717F1025100881C24</key>
		<dict>
			<key>buildSettings</key>
			<dict>
				<key>ARCHS</key>
				<string>$(ARCHS_STANDARD_INCLUDING_64_BIT)</string>
				<key>BUNDLE_LOADER</key>
				<string>$(BUILT_PRODUCTS_DIR)/DVUs.app/DVUs</string>
				<key>FRAMEWORK_SEARCH_PATHS</key>
				<array>
					<string>$(SDKROOT)/Developer/Library/Frameworks</string>
					<string>$(inherited)</string>
					<string>$(DEVELOPER_FRAMEWORKS_DIR)</string>
				</array>
				<key>GCC_PRECOMPILE_PREFIX_HEADER</key>
				<string>YES</string>
				<key>GCC_PREFIX_HEADER</key>
				<string>DVUs/DVUs-Prefix.pch</string>
				<key>GCC_PREPROCESSOR_DEFINITIONS</key>
				<array>
					<string>DEBUG=1</string>
					<string>$(inherited)</string>
				</array>
				<key>INFOPLIST_FILE</key>
				<string>DVUsTests/DVUsTests-Info.plist</string>
				<key>PRODUCT_NAME</key>
				<string>$(TARGET_NAME)</string>
				<key>TEST_HOST</key>
				<string>$(BUNDLE_LOADER)</string>
				<key>WRAPPER_EXTENSION</key>
				<string>xctest</string>
			</dict>
			<key>isa</key>
			<string>XCBuildConfiguration</string>
			<key>name</key>
			<string>Debug</string>
		</dict>
		<key>FEFCFDA817F1025100881C24</key>
		<dict>
			<key>buildSettings</key>
			<dict>
				<key>ARCHS</key>
				<string>$(ARCHS_STANDARD_INCLUDING_64_BIT)</string>
				<key>BUNDLE_LOADER</key>
				<string>$(BUILT_PRODUCTS_DIR)/DVUs.app/DVUs</string>
				<key>FRAMEWORK_SEARCH_PATHS</key>
				<array>
					<string>$(SDKROOT)/Developer/Library/Frameworks</string>
					<string>$(inherited)</string>
					<string>$(DEVELOPER_FRAMEWORKS_DIR)</string>
				</array>
				<key>GCC_PRECOMPILE_PREFIX_HEADER</key>
				<string>YES</string>
				<key>GCC_PREFIX_HEADER</key>
				<string>DVUs/DVUs-Prefix.pch</string>
				<key>INFOPLIST_FILE</key>
				<string>DVUsTests/DVUsTests-Info.plist</string>
				<key>PRODUCT_NAME</key>
				<string>$(TARGET_NAME)</string>
				<key>TEST_HOST</key>
				<string>$(BUNDLE_LOADER)</string>
				<key>WRAPPER_EXTENSION</key>
				<string>xctest</string>
			</dict>
			<key>isa</key>
			<string>XCBuildConfiguration</string>
			<key>name</key>
			<string>Release</string>
		</dict>
	</dict>
	<key>rootObject</key>
	<string>FEFCFD6617F1025100881C24</string>
</dict>
</plist>
